
Microsoft Visual Studio Solution File, Format Version 12.00
# Visual Studio 14
VisualStudioVersion = 14.0.24720.0
MinimumVisualStudioVersion = 10.0.40219.1
Project("{2150E333-8FDC-42A3-9474-1A3956D46DE8}") = "动物运动会", "动物运动会", "{2ADEAA4C-550B-476D-9498-934A01065743}"
EndProject
Project("{2150E333-8FDC-42A3-9474-1A3956D46DE8}") = "设计模式", "设计模式", "{FEC15005-1EFE-4DF0-83E3-65F3300AA076}"
EndProject
Project("{2150E333-8FDC-42A3-9474-1A3956D46DE8}") = "简单工厂模式", "简单工厂模式", "{9D6A5335-CC7B-4933-ABE9-E1CC6095DA37}"
EndProject
Project("{2150E333-8FDC-42A3-9474-1A3956D46DE8}") = "工厂方法模式", "工厂方法模式", "{EAF9D638-2F63-4DB3-86A8-4FFCC28B8BFD}"
EndProject
Project("{2150E333-8FDC-42A3-9474-1A3956D46DE8}") = "抽象工厂模式", "抽象工厂模式", "{88FE2A47-44D4-4034-AB69-18D638829DB4}"
EndProject
Project("{2150E333-8FDC-42A3-9474-1A3956D46DE8}") = "建造者模式", "建造者模式", "{EF0DE3BF-30A8-47E7-A35D-41FC5B643C90}"
EndProject
Project("{2150E333-8FDC-42A3-9474-1A3956D46DE8}") = "单例模式", "单例模式", "{306D1121-7D7C-43F0-9424-03B9B3936988}"
EndProject
Project("{2150E333-8FDC-42A3-9474-1A3956D46DE8}") = "装饰模式", "装饰模式", "{F8A7C490-168E-4D1C-BB63-FE7931167F75}"
EndProject
Project("{2150E333-8FDC-42A3-9474-1A3956D46DE8}") = "外观模式", "外观模式", "{F4009F33-7666-42ED-95D5-42E8CB62D71F}"
EndProject
Project("{2150E333-8FDC-42A3-9474-1A3956D46DE8}") = "适配器模式", "适配器模式", "{53C40D09-C6F1-413A-B3DF-B93358BCB6FC}"
EndProject
Project("{2150E333-8FDC-42A3-9474-1A3956D46DE8}") = "组合模式", "组合模式", "{DD4D6D9A-C152-40C4-A82A-7F87C4B47DD4}"
EndProject
Project("{2150E333-8FDC-42A3-9474-1A3956D46DE8}") = "策略模式", "策略模式", "{99AB9119-A782-4712-A6BA-7FA7525E8800}"
EndProject
Project("{2150E333-8FDC-42A3-9474-1A3956D46DE8}") = "原型模式", "原型模式", "{7CCBAD8F-AB44-47D7-9EE5-DD23DB5ED32B}"
EndProject
Project("{FAE04EC0-301F-11D3-BF4B-00C04F79EFBC}") = "动物运动会_直接输出", "动物运动会\动物运动会_直接输出\动物运动会_直接输出.csproj", "{8FEF8CC8-D004-44D9-BBF4-403A8228D0EC}"
EndProject
Project("{FAE04EC0-301F-11D3-BF4B-00C04F79EFBC}") = "动物运动会_函数", "动物运动会\动物运动会_函数\动物运动会_函数.csproj", "{B2B722BF-3284-49A9-817C-2104ECE9153D}"
EndProject
Project("{FAE04EC0-301F-11D3-BF4B-00C04F79EFBC}") = "动物运动会_类", "动物运动会\动物运动会_类\动物运动会_类.csproj", "{8E41BA53-C509-4C0A-9E46-09ADD704C475}"
EndProject
Project("{FAE04EC0-301F-11D3-BF4B-00C04F79EFBC}") = "动物运动会_有名字", "动物运动会\动物运动会_有名字\动物运动会_有名字.csproj", "{C237D3D6-FE1C-4765-AFDC-D46E214E1EBE}"
EndProject
Project("{FAE04EC0-301F-11D3-BF4B-00C04F79EFBC}") = "动物运动会_循环叫", "动物运动会\动物运动会_循环叫\动物运动会_循环叫.csproj", "{3EF9D3FD-6B1A-40F4-BBB4-B915E9700CE7}"
EndProject
Project("{FAE04EC0-301F-11D3-BF4B-00C04F79EFBC}") = "动物运动会_继承", "动物运动会\动物运动会_继承\动物运动会_继承.csproj", "{BA63E973-DA23-4920-B482-16F77FCD9AFF}"
EndProject
Project("{FAE04EC0-301F-11D3-BF4B-00C04F79EFBC}") = "动物运动会_虚方法", "动物运动会\动物运动会_虚方法\动物运动会_虚方法.csproj", "{90A8B355-2FF9-4A2A-9DFE-DB34901A0DD7}"
EndProject
Project("{FAE04EC0-301F-11D3-BF4B-00C04F79EFBC}") = "动物运动会_虚方法改进", "动物运动会\动物运动会_虚方法改进\动物运动会_虚方法改进.csproj", "{7279B3DC-9A6F-4809-AE20-662D6FFE5BAC}"
EndProject
Project("{FAE04EC0-301F-11D3-BF4B-00C04F79EFBC}") = "动物运动会_抽象类", "动物运动会\动物运动会_抽象类\动物运动会_抽象类.csproj", "{C73728EE-B4DD-4118-B5CC-84334244CF74}"
EndProject
Project("{FAE04EC0-301F-11D3-BF4B-00C04F79EFBC}") = "动物运动会_接口", "动物运动会\动物运动会_接口\动物运动会_接口.csproj", "{8827EA26-F0B8-46F5-9518-06C51D044AEF}"
EndProject
Project("{FAE04EC0-301F-11D3-BF4B-00C04F79EFBC}") = "动物运动会_ArrayList", "动物运动会\动物运动会_ArrayList\动物运动会_ArrayList.csproj", "{BBACB399-B857-413C-B128-1BA250F7837A}"
EndProject
Project("{FAE04EC0-301F-11D3-BF4B-00C04F79EFBC}") = "动物运动会_泛型", "动物运动会\动物运动会_泛型\动物运动会_泛型.csproj", "{2759D6BE-740A-47F3-A04F-D7BE6138DC8E}"
EndProject
Project("{FAE04EC0-301F-11D3-BF4B-00C04F79EFBC}") = "简单工厂模式_两数计算_面向过程版", "设计模式\简单工厂模式\简单工厂模式_两数计算_面向过程版\简单工厂模式_两数计算_面向过程版.csproj", "{05F0FAEC-D437-4BE2-AF06-F5B78DA50709}"
EndProject
Project("{FAE04EC0-301F-11D3-BF4B-00C04F79EFBC}") = "简单工厂模式_两数计算_面向过程改进版", "设计模式\简单工厂模式\简单工厂模式_两数计算_面向过程改进版\简单工厂模式_两数计算_面向过程改进版.csproj", "{19DDC67E-9365-4F92-8CB0-87F21E3F8109}"
EndProject
Project("{FAE04EC0-301F-11D3-BF4B-00C04F79EFBC}") = "简单工厂模式_两数计算_引入Operation类版", "设计模式\简单工厂模式\简单工厂模式_两数计算_引入Operation类版\简单工厂模式_两数计算_引入Operation类版.csproj", "{C0858526-E974-4E08-BCA8-1C7A62E778EF}"
EndProject
Project("{FAE04EC0-301F-11D3-BF4B-00C04F79EFBC}") = "简单工厂模式_两数计算_引入继承版", "设计模式\简单工厂模式\简单工厂模式_两数计算_引入继承版\简单工厂模式_两数计算_引入继承版.csproj", "{01F1EB68-E94A-4EC7-B1EB-D68F1922DBE2}"
EndProject
Project("{FAE04EC0-301F-11D3-BF4B-00C04F79EFBC}") = "简单工厂模式_汽车_简单工厂版", "设计模式\简单工厂模式\简单工厂模式_汽车_简单工厂版\简单工厂模式_汽车_简单工厂版.csproj", "{9C72D248-6B03-4A4E-AC3E-5B99899A5C00}"
EndProject
Project("{FAE04EC0-301F-11D3-BF4B-00C04F79EFBC}") = "简单工厂模式_两数计算_简单工厂版", "设计模式\简单工厂模式\简单工厂模式_两数计算_简单工厂版\简单工厂模式_两数计算_简单工厂版.csproj", "{144D94DA-9713-491F-8C45-291BF3642AEF}"
EndProject
Project("{FAE04EC0-301F-11D3-BF4B-00C04F79EFBC}") = "简单工厂模式_汽车_非简单工厂版", "设计模式\简单工厂模式\简单工厂模式_汽车_非简单工厂版\简单工厂模式_汽车_非简单工厂版.csproj", "{CDCF18B9-5D81-44D8-86D5-C59D5B20B40E}"
EndProject
Project("{FAE04EC0-301F-11D3-BF4B-00C04F79EFBC}") = "简单工厂模式_制衣", "设计模式\简单工厂模式\简单工厂模式_制衣\简单工厂模式_制衣.csproj", "{55381FF9-2987-4439-AD8C-8787A228E4F4}"
EndProject
Project("{FAE04EC0-301F-11D3-BF4B-00C04F79EFBC}") = "工厂方法模式_两数计算", "设计模式\工厂方法模式\工厂方法模式_两数计算\工厂方法模式_两数计算.csproj", "{892CFE08-6DE6-4AB2-98B4-8E7CDC5B247A}"
EndProject
Project("{FAE04EC0-301F-11D3-BF4B-00C04F79EFBC}") = "工厂方法模式_汽车", "设计模式\工厂方法模式\工厂方法模式_汽车\工厂方法模式_汽车.csproj", "{4B1184E9-17CA-48F9-B38F-2E5BC4A1509A}"
EndProject
Project("{FAE04EC0-301F-11D3-BF4B-00C04F79EFBC}") = "抽象工厂模式_数据库_抽象工厂_非反射版", "设计模式\抽象工厂模式\抽象工厂模式_数据库_抽象工厂版\抽象工厂模式_数据库_抽象工厂_非反射版.csproj", "{FE6BD7C8-9CB9-4B90-9BE2-7564FD6BD634}"
EndProject
Project("{FAE04EC0-301F-11D3-BF4B-00C04F79EFBC}") = "抽象工厂模式_数据库_非工厂版", "设计模式\抽象工厂模式\抽象工厂模式_数据库_非工厂版\抽象工厂模式_数据库_非工厂版.csproj", "{9DDA5669-2CC8-4E41-A38C-D7E2507AE4B4}"
EndProject
Project("{FAE04EC0-301F-11D3-BF4B-00C04F79EFBC}") = "建造者模式_画小人_面向过程传统版", "设计模式\建造者模式\建造者模式_画小人_面向过程传统版\建造者模式_画小人_面向过程传统版.csproj", "{BFE17D91-E1A0-4475-8EEF-6C6A800DFABF}"
EndProject
Project("{FAE04EC0-301F-11D3-BF4B-00C04F79EFBC}") = "建造者模式_画小人_工厂版", "设计模式\建造者模式\建造者模式_画小人_工厂版\建造者模式_画小人_工厂版.csproj", "{299BD7D3-2540-468C-BEE9-2F58698C89E7}"
EndProject
Project("{FAE04EC0-301F-11D3-BF4B-00C04F79EFBC}") = "建造者模式_画小人_建造者模式版", "设计模式\建造者模式\建造者模式_画小人_建造者模式版\建造者模式_画小人_建造者模式版.csproj", "{23A7F1FF-3CC4-4562-954C-A269783F099A}"
EndProject
Project("{FAE04EC0-301F-11D3-BF4B-00C04F79EFBC}") = "建造者模式_画小人_静态工厂版", "设计模式\建造者模式\建造者模式_画小人_建造者模式版_静态工厂版\建造者模式_画小人_静态工厂版.csproj", "{9B7E829D-12D6-4B66-B694-06400E186C0A}"
EndProject
Project("{FAE04EC0-301F-11D3-BF4B-00C04F79EFBC}") = "建造者模式_电脑", "设计模式\建造者模式\建造者模式_电脑\建造者模式_电脑.csproj", "{BFD83068-45DB-49F3-A459-993648A4F7F1}"
EndProject
Project("{FAE04EC0-301F-11D3-BF4B-00C04F79EFBC}") = "建造者模式_端口设备_工厂版", "设计模式\建造者模式\建造者模式_端口设备_工厂版\建造者模式_端口设备_工厂版.csproj", "{25795525-78D4-4250-B9BA-D834A6E1EC3A}"
EndProject
Project("{FAE04EC0-301F-11D3-BF4B-00C04F79EFBC}") = "建造者模式_端口设备_传统版", "设计模式\建造者模式\建造者模式_端口设备_传统版\建造者模式_端口设备_传统版.csproj", "{0D675FBB-1C44-4E7E-A4C8-D791F3BA0430}"
EndProject
Project("{FAE04EC0-301F-11D3-BF4B-00C04F79EFBC}") = "建造者模式_端口设备_建造者模式版", "设计模式\建造者模式\建造者模式_端口设备_建造者模式版\建造者模式_端口设备_建造者模式版.csproj", "{07958970-2C3C-437B-BA85-430698DF6985}"
EndProject
Project("{FAE04EC0-301F-11D3-BF4B-00C04F79EFBC}") = "抽象工厂模式_数据库_抽象工厂_反射版", "设计模式\建造者模式\抽象工厂模式_数据库_抽象工厂_反射版\抽象工厂模式_数据库_抽象工厂_反射版.csproj", "{E6D4BF9B-3FFA-4187-AC55-79006E2C64AB}"
EndProject
Project("{FAE04EC0-301F-11D3-BF4B-00C04F79EFBC}") = "单例模式_无防多开机制", "设计模式\单例模式\单例模式_无防多开机制\单例模式_无防多开机制.csproj", "{B53EDA74-4D1A-442D-86E4-A19E8D2D8DEB}"
EndProject
Project("{FAE04EC0-301F-11D3-BF4B-00C04F79EFBC}") = "单例模式_菜单事件判断防多开", "设计模式\单例模式\单例模式_菜单事件判断防多开\单例模式_菜单事件判断防多开.csproj", "{635D7F45-42B8-4D60-A4A6-90E7F0DEE868}"
EndProject
Project("{FAE04EC0-301F-11D3-BF4B-00C04F79EFBC}") = "单例模式_基础单例模式", "设计模式\单例模式\单例模式_基础单例模式\单例模式_基础单例模式.csproj", "{438E7E9D-2E04-4142-B5B4-27F8E6196AF7}"
EndProject
Project("{FAE04EC0-301F-11D3-BF4B-00C04F79EFBC}") = "装饰模式_小人_传统版", "设计模式\装饰模式\装饰模式_小人_传统版\装饰模式_小人_传统版.csproj", "{0412EC72-6673-453A-98B2-46BB7EC41F1E}"
EndProject
Project("{FAE04EC0-301F-11D3-BF4B-00C04F79EFBC}") = "装饰模式_小人_面向对象版", "设计模式\装饰模式\装饰模式_小人_面向对象版\装饰模式_小人_面向对象版.csproj", "{DA7D2EAF-30EB-4A4D-9B6B-FD19DAC72510}"
EndProject
Project("{FAE04EC0-301F-11D3-BF4B-00C04F79EFBC}") = "装饰模式_小人_装饰模式版", "设计模式\装饰模式\装饰模式_小人_装饰模式版\装饰模式_小人_装饰模式版.csproj", "{20383BCB-A70A-4254-A8FF-F6099BEAD9E2}"
EndProject
Project("{FAE04EC0-301F-11D3-BF4B-00C04F79EFBC}") = "装饰模式_小人_画图版", "设计模式\装饰模式\装饰模式_小人_画图版\装饰模式_小人_画图版.csproj", "{A3EBD75F-22A5-4C5C-931A-4BAA2643332D}"
EndProject
Project("{FAE04EC0-301F-11D3-BF4B-00C04F79EFBC}") = "装饰模式_用户登录_传统版", "设计模式\装饰模式\装饰模式_用户登录_传统版\装饰模式_用户登录_传统版.csproj", "{3978D1F5-6EA9-4309-86DB-B9FB767100CD}"
EndProject
Project("{FAE04EC0-301F-11D3-BF4B-00C04F79EFBC}") = "装饰模式_用户登录_组合版", "设计模式\装饰模式\装饰模式_用户登录_组合版\装饰模式_用户登录_组合版.csproj", "{3FB4FF9B-29DC-415E-A35B-1F69CF7B6699}"
EndProject
Project("{FAE04EC0-301F-11D3-BF4B-00C04F79EFBC}") = "装饰模式_增加属性_坦克大战", "设计模式\装饰模式\装饰模式_增加属性_坦克大战\装饰模式_增加属性_坦克大战.csproj", "{63041128-F8B4-477B-9888-EF8D2A2467B3}"
EndProject
Project("{FAE04EC0-301F-11D3-BF4B-00C04F79EFBC}") = "外观模式_基金_传统", "设计模式\外观模式\外观模式_基金_传统\外观模式_基金_传统.csproj", "{E6B1C3FC-9DF3-434D-8DE9-767DF5509CF2}"
EndProject
Project("{FAE04EC0-301F-11D3-BF4B-00C04F79EFBC}") = "外观模式_基金_外观模式", "设计模式\外观模式\外观模式_基金_外观模式\外观模式_基金_外观模式.csproj", "{09B7633D-9A8A-427D-BFE9-7763DA853250}"
EndProject
Project("{FAE04EC0-301F-11D3-BF4B-00C04F79EFBC}") = "适配器模式_姚明", "设计模式\适配器模式\适配器模式_姚明\适配器模式_姚明.csproj", "{B94F92CB-8E36-4E55-BBD4-58B11F8EA439}"
EndProject
Project("{FAE04EC0-301F-11D3-BF4B-00C04F79EFBC}") = "适配器模式_日志_类适配器", "设计模式\适配器模式\适配器模式_日志_类适配器\适配器模式_日志_类适配器.csproj", "{F3E951F6-6C2E-4567-944C-019FE9320926}"
EndProject
Project("{FAE04EC0-301F-11D3-BF4B-00C04F79EFBC}") = "适配器模式_日志_对象适配器", "设计模式\适配器模式\适配器模式_日志_对象适配器\适配器模式_日志_对象适配器.csproj", "{AECF0F0F-72AA-425F-A40A-01179AEEE951}"
EndProject
Project("{FAE04EC0-301F-11D3-BF4B-00C04F79EFBC}") = "适配器模式_日志", "设计模式\适配器模式\适配器模式_日志\适配器模式_日志.csproj", "{C768B03D-F55A-4CF3-A653-B4A839FB98EF}"
EndProject
Project("{FAE04EC0-301F-11D3-BF4B-00C04F79EFBC}") = "适配器模式_对象适配器", "设计模式\适配器模式\适配器模式_对象适配器\适配器模式_对象适配器.csproj", "{35B56F86-499C-4776-966A-0E20A97800F1}"
EndProject
Project("{FAE04EC0-301F-11D3-BF4B-00C04F79EFBC}") = "适配器模式_类适配器", "设计模式\适配器模式\适配器模式_类适配器\适配器模式_类适配器.csproj", "{162FD476-FD9E-4457-BF80-FD88A5D0EFBF}"
EndProject
Project("{FAE04EC0-301F-11D3-BF4B-00C04F79EFBC}") = "组合模式_形状", "设计模式\组合模式\组合模式_形状\组合模式_形状.csproj", "{4E30FABE-DF7D-4CDA-97CC-0036E645E4E9}"
EndProject
Project("{FAE04EC0-301F-11D3-BF4B-00C04F79EFBC}") = "策略模式_计算器_打折_非策略", "设计模式\策略模式\策略模式_计算器_打折_非策略\策略模式_计算器_打折_非策略.csproj", "{0DB8C17E-EFE3-41B1-BFBA-F9FE7B48C26E}"
EndProject
Project("{FAE04EC0-301F-11D3-BF4B-00C04F79EFBC}") = "策略模式_计算器_无打折_非策略", "设计模式\策略模式\策略模式_计算器_无打折_非策略\策略模式_计算器_无打折_非策略.csproj", "{16CE8078-FCC1-43EB-B19D-ABBBC73724F9}"
EndProject
Project("{FAE04EC0-301F-11D3-BF4B-00C04F79EFBC}") = "策略模式_计算器_满送_工厂", "设计模式\策略模式\策略模式_计算器_满送_工厂\策略模式_计算器_满送_工厂.csproj", "{10E3C678-A454-4474-8FA5-4BC53C14F586}"
EndProject
Project("{FAE04EC0-301F-11D3-BF4B-00C04F79EFBC}") = "策略模式_计算器_满送_策略", "设计模式\策略模式\策略模式_计算器_满送_策略\策略模式_计算器_满送_策略.csproj", "{3F9AB38E-9574-4ACC-92C7-583B28BCF676}"
EndProject
Project("{FAE04EC0-301F-11D3-BF4B-00C04F79EFBC}") = "策略模式_计算器_满送_策略和工厂", "设计模式\策略模式\策略模式_计算器_满送_策略+工厂\策略模式_计算器_满送_策略和工厂.csproj", "{5CEB029E-692A-4F7F-8D3C-1162F3ECC4A9}"
EndProject
Project("{FAE04EC0-301F-11D3-BF4B-00C04F79EFBC}") = "策略模式_计算器_满送_策略和工厂_反射", "设计模式\策略模式\策略模式_计算器_满送_策略和工厂_反射\策略模式_计算器_满送_策略和工厂_反射.csproj", "{2563D90F-EDAE-4BF5-BE3A-476DF2410158}"
EndProject
Project("{FAE04EC0-301F-11D3-BF4B-00C04F79EFBC}") = "策略模式_输出数组", "设计模式\策略模式\策略模式_输出数组\策略模式_输出数组.csproj", "{9137D5E8-C640-4AE5-84E3-966BA7A05D37}"
EndProject
Project("{FAE04EC0-301F-11D3-BF4B-00C04F79EFBC}") = "原型模式_简历_Clone版", "设计模式\原型模式\原型模式_简历_Clone版\原型模式_简历_Clone版.csproj", "{8DB248BE-63F1-4FB7-9E4C-C5586B8B61A4}"
EndProject
Project("{FAE04EC0-301F-11D3-BF4B-00C04F79EFBC}") = "原型模式_简历_非原型模式版", "设计模式\原型模式\原型模式_简历_非原型模式版\原型模式_简历_非原型模式版.csproj", "{64B820C9-444E-4B3E-970D-29672F5D11ED}"
EndProject
Project("{FAE04EC0-301F-11D3-BF4B-00C04F79EFBC}") = "原型模式_简历_内含对象版", "设计模式\原型模式\原型模式_简历_内含对象版\原型模式_简历_内含对象版.csproj", "{ADB5D7F8-131D-4F4C-80C1-FC0B76FB1E48}"
EndProject
Project("{FAE04EC0-301F-11D3-BF4B-00C04F79EFBC}") = "原型模式_简历_内含对象深复制版", "设计模式\原型模式\原型模式_简历_内含对象深复制版\原型模式_简历_内含对象深复制版.csproj", "{7CBFD111-1D0B-47E8-B9BF-B6AFBBE5C1DD}"
EndProject
Project("{2150E333-8FDC-42A3-9474-1A3956D46DE8}") = "职责链模式", "职责链模式", "{F78D4694-208E-4C9E-9F2B-93A7A82666AC}"
EndProject
Project("{FAE04EC0-301F-11D3-BF4B-00C04F79EFBC}") = "职责链模式_请假_传统", "设计模式\职责链模式\职责链模式_请假_传统\职责链模式_请假_传统.csproj", "{C51A6A75-8499-4522-BF2D-7AC48D668713}"
EndProject
Project("{FAE04EC0-301F-11D3-BF4B-00C04F79EFBC}") = "职责链模式_请假_职责链模式", "设计模式\职责链模式\职责链模式_请假_职责链模式\职责链模式_请假_职责链模式.csproj", "{E300177D-13B4-4F22-85F9-79D0FD4E3A88}"
EndProject
Project("{FAE04EC0-301F-11D3-BF4B-00C04F79EFBC}") = "职责链模式_发作业", "设计模式\职责链模式\职责链模式_发作业\职责链模式_发作业.csproj", "{AD4BB990-8264-4095-99DE-465D61858838}"
EndProject
Project("{2150E333-8FDC-42A3-9474-1A3956D46DE8}") = "命令模式", "命令模式", "{45754A3B-ADBA-412A-9039-8B06FB018D5A}"
EndProject
Project("{FAE04EC0-301F-11D3-BF4B-00C04F79EFBC}") = "命令模式_烤肉串_传统版", "设计模式\命令模式\命令模式_烤肉串_传统版\命令模式_烤肉串_传统版.csproj", "{4B7EC865-D51A-4D7B-95F6-579D0C1480B7}"
EndProject
Project("{FAE04EC0-301F-11D3-BF4B-00C04F79EFBC}") = "命令模式_烤肉串_命令模式", "设计模式\命令模式\命令模式_烤肉串_命令模式\命令模式_烤肉串_命令模式.csproj", "{396B38AE-BECF-45A9-A46F-194BB6B3344E}"
EndProject
Project("{FAE04EC0-301F-11D3-BF4B-00C04F79EFBC}") = "命令模式_烤肉串_命令模式_合成", "设计模式\命令模式\命令模式_烤肉串_命令模式_合成\命令模式_烤肉串_命令模式_合成.csproj", "{84A3EF55-E474-4BFF-9956-39421EEAEBA3}"
EndProject
Project("{FAE04EC0-301F-11D3-BF4B-00C04F79EFBC}") = "命令模式_烤肉串_松耦合", "设计模式\命令模式\命令模式_烤肉串_松耦合\命令模式_烤肉串_松耦合.csproj", "{865A98BB-11B3-4CDD-9D4C-694D4769694B}"
EndProject
Project("{FAE04EC0-301F-11D3-BF4B-00C04F79EFBC}") = "命令模式_遥控汽车", "设计模式\命令模式\命令模式_遥控汽车\命令模式_遥控汽车.csproj", "{19869EC5-D14C-453A-88B1-2FE2E06E3DD4}"
EndProject
Project("{FAE04EC0-301F-11D3-BF4B-00C04F79EFBC}") = "命令模式_计算器_命令模式", "设计模式\命令模式\命令模式_计算器_命令模式\命令模式_计算器_命令模式.csproj", "{A7038BC5-39E4-47DE-9C06-A63384EC44F5}"
EndProject
Project("{2150E333-8FDC-42A3-9474-1A3956D46DE8}") = "状态模式", "状态模式", "{1E14A106-A8D1-4821-91C4-A6230EB471B0}"
EndProject
Project("{FAE04EC0-301F-11D3-BF4B-00C04F79EFBC}") = "状态模式_加班_状态模式_状态类转换版", "设计模式\状态模式\状态模式_加班_状态模式版\状态模式_加班_状态模式_状态类转换版.csproj", "{500CB046-7AF6-472D-AD3C-6CFF83BBC770}"
EndProject
Project("{FAE04EC0-301F-11D3-BF4B-00C04F79EFBC}") = "状态模式_俱乐部", "设计模式\状态模式\状态模式_俱乐部\状态模式_俱乐部.csproj", "{031E9A2E-1ABB-4999-9408-0024FB33E46C}"
EndProject
Project("{FAE04EC0-301F-11D3-BF4B-00C04F79EFBC}") = "状态模式_加班_传统版", "设计模式\状态模式\状态模式_加班_传统版\状态模式_加班_传统版.csproj", "{29A0B95A-3E69-4D96-9541-06C7E627F798}"
EndProject
Project("{FAE04EC0-301F-11D3-BF4B-00C04F79EFBC}") = "状态模式_加班_使用类版", "设计模式\状态模式\状态模式_加班_使用类版\状态模式_加班_使用类版.csproj", "{8C0B09D0-F2B3-4795-8D89-3CFE48C8D5A7}"
EndProject
Project("{2150E333-8FDC-42A3-9474-1A3956D46DE8}") = "FE", "FE", "{950E90BF-5FC0-4AE5-82A5-8950B3A73A54}"
EndProject
Project("{FAE04EC0-301F-11D3-BF4B-00C04F79EFBC}") = "抽象工厂模式_房产", "FE\抽象工厂模式_房产\抽象工厂模式_房产.csproj", "{995AAD28-98C6-4B66-9833-65DB1BD391DA}"
EndProject
Project("{FAE04EC0-301F-11D3-BF4B-00C04F79EFBC}") = "职责链模式_请假_职责链模式", "FE\职责链模式_请假\职责链模式_请假_职责链模式.csproj", "{7589B498-315A-4B17-99CD-FF57091963D8}"
EndProject
Project("{2150E333-8FDC-42A3-9474-1A3956D46DE8}") = "迭代器模式", "迭代器模式", "{041815A8-3B05-4A74-B229-2B1ECE67085D}"
EndProject
Project("{FAE04EC0-301F-11D3-BF4B-00C04F79EFBC}") = "迭代器模式_普通", "设计模式\迭代器模式\迭代器模式_普通\迭代器模式_普通.csproj", "{EEE4187C-7AEC-4CEE-AC3C-78FA4F72FD1B}"
EndProject
Project("{FAE04EC0-301F-11D3-BF4B-00C04F79EFBC}") = "迭代器模式_NET", "设计模式\迭代器模式\迭代器模式_NET\迭代器模式_NET.csproj", "{95015627-E35A-425D-ADCF-A38BEB30E056}"
EndProject
Project("{FAE04EC0-301F-11D3-BF4B-00C04F79EFBC}") = "迭代器模式_正反序", "设计模式\迭代器模式\迭代器模式_正反序\迭代器模式_正反序.csproj", "{291A73FC-C274-4A14-8880-8C863D571AA7}"
EndProject
Project("{FAE04EC0-301F-11D3-BF4B-00C04F79EFBC}") = "迭代器模式_NET_IEnumerable", "设计模式\迭代器模式\迭代器模式_NET_IEnumerable\迭代器模式_NET_IEnumerable.csproj", "{FCDC2789-5E9D-47BB-9BCD-51391205089C}"
EndProject
Project("{FAE04EC0-301F-11D3-BF4B-00C04F79EFBC}") = "建造者模式_电脑", "FE\建造者模式_电脑\建造者模式_电脑.csproj", "{8BB2E6B9-6737-461C-95E6-63560147A42D}"
EndProject
Project("{2150E333-8FDC-42A3-9474-1A3956D46DE8}") = "观察者模式", "观察者模式", "{96FAFA91-55F6-475F-A77D-8335E6D77552}"
EndProject
Project("{FAE04EC0-301F-11D3-BF4B-00C04F79EFBC}") = "观察者模式_气象站_传统版", "设计模式\观察者模式\观察者模式_气象站_传统版\观察者模式_气象站_传统版.csproj", "{977D1FBE-B36C-46EC-8598-90E9A0B9555B}"
EndProject
Project("{FAE04EC0-301F-11D3-BF4B-00C04F79EFBC}") = "观察者模式_气象站_观察者模式", "设计模式\观察者模式\观察者模式_气象站_观察者模式\观察者模式_气象站_观察者模式.csproj", "{A589A3F3-A2BF-4825-A543-6CC4D5DE677F}"
EndProject
Project("{FAE04EC0-301F-11D3-BF4B-00C04F79EFBC}") = "工厂方法模式_加密算法选择_应用实例", "设计模式\工厂方法模式\工厂方法模式_加密算法选择_应用实例\工厂方法模式_加密算法选择_应用实例\工厂方法模式_加密算法选择_应用实例.csproj", "{AD117210-7DF6-4EB8-BECA-700F0260874E}"
EndProject
Project("{FAE04EC0-301F-11D3-BF4B-00C04F79EFBC}") = "简单工厂模式_简易图表_简单工厂版", "设计模式\简单工厂模式\简单工厂模式_简易图表_简单工厂版\简单工厂模式_简易图表_简单工厂版.csproj", "{E3163334-5AB2-4846-9B71-0E1275784AB6}"
EndProject
Project("{FAE04EC0-301F-11D3-BF4B-00C04F79EFBC}") = "工厂方法模式_简易图表_工厂方法版", "设计模式\工厂方法模式\工厂方法模式_简易图表_工厂方法版\工厂方法模式_简易图表_工厂方法版.csproj", "{8C1A4504-23C5-4054-9295-3D1E51DBB4CA}"
EndProject
Project("{FAE04EC0-301F-11D3-BF4B-00C04F79EFBC}") = "抽象工厂模式_汽车_抽象工厂版_上课演示", "设计模式\抽象工厂模式\抽象工厂模式_汽车_抽象工厂版_上课演示\抽象工厂模式_汽车_抽象工厂版_上课演示.csproj", "{0BEF4206-AD08-4564-B574-8F9D17A7F828}"
EndProject
Project("{FAE04EC0-301F-11D3-BF4B-00C04F79EFBC}") = "适配器模式_算法库", "设计模式\适配器模式\适配器模式_算法库\适配器模式_算法库.csproj", "{B718CC73-A780-4732-BC30-A7E914AE9E6B}"
EndProject
Project("{FAE04EC0-301F-11D3-BF4B-00C04F79EFBC}") = "策略模式_输出数组_反射", "设计模式\策略模式\策略模式_输出数组_反射\策略模式_输出数组_反射.csproj", "{5B6F15BD-1908-4BBF-922C-4619C8F5DA4C}"
EndProject
Project("{FAE04EC0-301F-11D3-BF4B-00C04F79EFBC}") = "状态模式_加班_状态模式_环境类转换版", "设计模式\状态模式\状态模式_加班_状态模式_环境类转换版\状态模式_加班_状态模式_环境类转换版.csproj", "{071E363F-1290-4FF6-A784-E9FC92318362}"
EndProject
Project("{FAE04EC0-301F-11D3-BF4B-00C04F79EFBC}") = "状态模式_银行账户", "设计模式\状态模式\状态模式_银行账户\状态模式_银行账户.csproj", "{84CA0536-FD15-4710-BA1F-6403D585D72B}"
EndProject
Project("{FAE04EC0-301F-11D3-BF4B-00C04F79EFBC}") = "状态模式_屏幕放大镜", "设计模式\状态模式\状态模式_屏幕放大镜\状态模式_屏幕放大镜.csproj", "{FC10103E-BE45-439E-8119-00EFDE561D57}"
EndProject
Project("{FAE04EC0-301F-11D3-BF4B-00C04F79EFBC}") = "策略模式_电影票折扣", "FE\策略模式_电影票折扣\策略模式_电影票折扣.csproj", "{93CD6AC4-91FB-45D3-888A-527410011552}"
EndProject
Project("{FAE04EC0-301F-11D3-BF4B-00C04F79EFBC}") = "状态模式_手枪", "FE\状态模式_手枪\状态模式_手枪.csproj", "{50D90CAF-A49F-4785-9E52-BE1A8AE22633}"
EndProject
Project("{FAE04EC0-301F-11D3-BF4B-00C04F79EFBC}") = "命令模式_自定义功能键_传统版", "设计模式\命令模式\命令模式_自定义功能键_传统版\命令模式_自定义功能键_传统版.csproj", "{8F4D84CC-A43F-4796-B9AB-DDFAE12391A6}"
EndProject
Project("{FAE04EC0-301F-11D3-BF4B-00C04F79EFBC}") = "命令模式_自定义功能键_命令模式版", "设计模式\命令模式\命令模式_自定义功能键_命令模式版\命令模式_自定义功能键_命令模式版.csproj", "{168920EB-76FA-4988-8059-0737728CB7EE}"
EndProject
Project("{FAE04EC0-301F-11D3-BF4B-00C04F79EFBC}") = "命令模式_自定义功能键_命令队列版", "设计模式\命令模式\命令模式_自定义功能键_命令队列版\命令模式_自定义功能键_命令队列版.csproj", "{2DF2B634-F0CF-420D-86AC-F0493BCBE1B5}"
EndProject
Project("{FAE04EC0-301F-11D3-BF4B-00C04F79EFBC}") = "简单工厂模式_两数计算_创建大量对象版", "设计模式\简单工厂模式\简单工厂模式_两数计算_创建大量对象版\简单工厂模式_两数计算_创建大量对象版.csproj", "{00F78D23-6BC7-490F-881A-8958C29128BC}"
EndProject
Project("{FAE04EC0-301F-11D3-BF4B-00C04F79EFBC}") = "抽象工厂模式_两数计算_抽象工厂版", "设计模式\抽象工厂模式\抽象工厂模式_两数计算_抽象工厂版\抽象工厂模式_两数计算_抽象工厂版.csproj", "{4DFAE653-A36F-49CE-AD8B-F642AF32A14A}"
EndProject
Project("{FAE04EC0-301F-11D3-BF4B-00C04F79EFBC}") = "外观模式_家庭影院_传统版", "设计模式\外观模式\外观模式_家庭影院_传统版\外观模式_家庭影院_传统版.csproj", "{9926772C-093C-4FA2-9621-B96D7792B6BF}"
EndProject
Project("{FAE04EC0-301F-11D3-BF4B-00C04F79EFBC}") = "原型模式_简历_MemberwiseClone版", "设计模式\原型模式\原型模式_简历_MemberwiseClone版\原型模式_简历_MemberwiseClone版.csproj", "{264CD625-CC29-4368-9EBF-98F0B228006E}"
EndProject
Project("{FAE04EC0-301F-11D3-BF4B-00C04F79EFBC}") = "外观模式_家庭影院_外观模式版", "设计模式\外观模式\外观模式_家庭影院_外观模式版\外观模式_家庭影院_外观模式版.csproj", "{0E8AF949-87AB-413A-A9AA-997A921673C6}"
EndProject
Project("{FAE04EC0-301F-11D3-BF4B-00C04F79EFBC}") = "观察者模式_股票_单股民版", "设计模式\观察者模式\观察者模式_股票_单股民版\观察者模式_股票_单股民版.csproj", "{017150E1-1E7D-43B6-B2EE-45600FBC39F4}"
EndProject
Global
	GlobalSection(SolutionConfigurationPlatforms) = preSolution
		Debug|Any CPU = Debug|Any CPU
		Release|Any CPU = Release|Any CPU
	EndGlobalSection
	GlobalSection(ProjectConfigurationPlatforms) = postSolution
		{8FEF8CC8-D004-44D9-BBF4-403A8228D0EC}.Debug|Any CPU.ActiveCfg = Debug|Any CPU
		{8FEF8CC8-D004-44D9-BBF4-403A8228D0EC}.Debug|Any CPU.Build.0 = Debug|Any CPU
		{8FEF8CC8-D004-44D9-BBF4-403A8228D0EC}.Release|Any CPU.ActiveCfg = Release|Any CPU
		{8FEF8CC8-D004-44D9-BBF4-403A8228D0EC}.Release|Any CPU.Build.0 = Release|Any CPU
		{B2B722BF-3284-49A9-817C-2104ECE9153D}.Debug|Any CPU.ActiveCfg = Debug|Any CPU
		{B2B722BF-3284-49A9-817C-2104ECE9153D}.Debug|Any CPU.Build.0 = Debug|Any CPU
		{B2B722BF-3284-49A9-817C-2104ECE9153D}.Release|Any CPU.ActiveCfg = Release|Any CPU
		{B2B722BF-3284-49A9-817C-2104ECE9153D}.Release|Any CPU.Build.0 = Release|Any CPU
		{8E41BA53-C509-4C0A-9E46-09ADD704C475}.Debug|Any CPU.ActiveCfg = Debug|Any CPU
		{8E41BA53-C509-4C0A-9E46-09ADD704C475}.Debug|Any CPU.Build.0 = Debug|Any CPU
		{8E41BA53-C509-4C0A-9E46-09ADD704C475}.Release|Any CPU.ActiveCfg = Release|Any CPU
		{8E41BA53-C509-4C0A-9E46-09ADD704C475}.Release|Any CPU.Build.0 = Release|Any CPU
		{C237D3D6-FE1C-4765-AFDC-D46E214E1EBE}.Debug|Any CPU.ActiveCfg = Debug|Any CPU
		{C237D3D6-FE1C-4765-AFDC-D46E214E1EBE}.Debug|Any CPU.Build.0 = Debug|Any CPU
		{C237D3D6-FE1C-4765-AFDC-D46E214E1EBE}.Release|Any CPU.ActiveCfg = Release|Any CPU
		{C237D3D6-FE1C-4765-AFDC-D46E214E1EBE}.Release|Any CPU.Build.0 = Release|Any CPU
		{3EF9D3FD-6B1A-40F4-BBB4-B915E9700CE7}.Debug|Any CPU.ActiveCfg = Debug|Any CPU
		{3EF9D3FD-6B1A-40F4-BBB4-B915E9700CE7}.Debug|Any CPU.Build.0 = Debug|Any CPU
		{3EF9D3FD-6B1A-40F4-BBB4-B915E9700CE7}.Release|Any CPU.ActiveCfg = Release|Any CPU
		{3EF9D3FD-6B1A-40F4-BBB4-B915E9700CE7}.Release|Any CPU.Build.0 = Release|Any CPU
		{BA63E973-DA23-4920-B482-16F77FCD9AFF}.Debug|Any CPU.ActiveCfg = Debug|Any CPU
		{BA63E973-DA23-4920-B482-16F77FCD9AFF}.Debug|Any CPU.Build.0 = Debug|Any CPU
		{BA63E973-DA23-4920-B482-16F77FCD9AFF}.Release|Any CPU.ActiveCfg = Release|Any CPU
		{BA63E973-DA23-4920-B482-16F77FCD9AFF}.Release|Any CPU.Build.0 = Release|Any CPU
		{90A8B355-2FF9-4A2A-9DFE-DB34901A0DD7}.Debug|Any CPU.ActiveCfg = Debug|Any CPU
		{90A8B355-2FF9-4A2A-9DFE-DB34901A0DD7}.Debug|Any CPU.Build.0 = Debug|Any CPU
		{90A8B355-2FF9-4A2A-9DFE-DB34901A0DD7}.Release|Any CPU.ActiveCfg = Release|Any CPU
		{90A8B355-2FF9-4A2A-9DFE-DB34901A0DD7}.Release|Any CPU.Build.0 = Release|Any CPU
		{7279B3DC-9A6F-4809-AE20-662D6FFE5BAC}.Debug|Any CPU.ActiveCfg = Debug|Any CPU
		{7279B3DC-9A6F-4809-AE20-662D6FFE5BAC}.Debug|Any CPU.Build.0 = Debug|Any CPU
		{7279B3DC-9A6F-4809-AE20-662D6FFE5BAC}.Release|Any CPU.ActiveCfg = Release|Any CPU
		{7279B3DC-9A6F-4809-AE20-662D6FFE5BAC}.Release|Any CPU.Build.0 = Release|Any CPU
		{C73728EE-B4DD-4118-B5CC-84334244CF74}.Debug|Any CPU.ActiveCfg = Debug|Any CPU
		{C73728EE-B4DD-4118-B5CC-84334244CF74}.Debug|Any CPU.Build.0 = Debug|Any CPU
		{C73728EE-B4DD-4118-B5CC-84334244CF74}.Release|Any CPU.ActiveCfg = Release|Any CPU
		{C73728EE-B4DD-4118-B5CC-84334244CF74}.Release|Any CPU.Build.0 = Release|Any CPU
		{8827EA26-F0B8-46F5-9518-06C51D044AEF}.Debug|Any CPU.ActiveCfg = Debug|Any CPU
		{8827EA26-F0B8-46F5-9518-06C51D044AEF}.Debug|Any CPU.Build.0 = Debug|Any CPU
		{8827EA26-F0B8-46F5-9518-06C51D044AEF}.Release|Any CPU.ActiveCfg = Release|Any CPU
		{8827EA26-F0B8-46F5-9518-06C51D044AEF}.Release|Any CPU.Build.0 = Release|Any CPU
		{BBACB399-B857-413C-B128-1BA250F7837A}.Debug|Any CPU.ActiveCfg = Debug|Any CPU
		{BBACB399-B857-413C-B128-1BA250F7837A}.Debug|Any CPU.Build.0 = Debug|Any CPU
		{BBACB399-B857-413C-B128-1BA250F7837A}.Release|Any CPU.ActiveCfg = Release|Any CPU
		{BBACB399-B857-413C-B128-1BA250F7837A}.Release|Any CPU.Build.0 = Release|Any CPU
		{2759D6BE-740A-47F3-A04F-D7BE6138DC8E}.Debug|Any CPU.ActiveCfg = Debug|Any CPU
		{2759D6BE-740A-47F3-A04F-D7BE6138DC8E}.Debug|Any CPU.Build.0 = Debug|Any CPU
		{2759D6BE-740A-47F3-A04F-D7BE6138DC8E}.Release|Any CPU.ActiveCfg = Release|Any CPU
		{2759D6BE-740A-47F3-A04F-D7BE6138DC8E}.Release|Any CPU.Build.0 = Release|Any CPU
		{05F0FAEC-D437-4BE2-AF06-F5B78DA50709}.Debug|Any CPU.ActiveCfg = Debug|Any CPU
		{05F0FAEC-D437-4BE2-AF06-F5B78DA50709}.Debug|Any CPU.Build.0 = Debug|Any CPU
		{05F0FAEC-D437-4BE2-AF06-F5B78DA50709}.Release|Any CPU.ActiveCfg = Release|Any CPU
		{05F0FAEC-D437-4BE2-AF06-F5B78DA50709}.Release|Any CPU.Build.0 = Release|Any CPU
		{19DDC67E-9365-4F92-8CB0-87F21E3F8109}.Debug|Any CPU.ActiveCfg = Debug|Any CPU
		{19DDC67E-9365-4F92-8CB0-87F21E3F8109}.Debug|Any CPU.Build.0 = Debug|Any CPU
		{19DDC67E-9365-4F92-8CB0-87F21E3F8109}.Release|Any CPU.ActiveCfg = Release|Any CPU
		{19DDC67E-9365-4F92-8CB0-87F21E3F8109}.Release|Any CPU.Build.0 = Release|Any CPU
		{C0858526-E974-4E08-BCA8-1C7A62E778EF}.Debug|Any CPU.ActiveCfg = Debug|Any CPU
		{C0858526-E974-4E08-BCA8-1C7A62E778EF}.Debug|Any CPU.Build.0 = Debug|Any CPU
		{C0858526-E974-4E08-BCA8-1C7A62E778EF}.Release|Any CPU.ActiveCfg = Release|Any CPU
		{C0858526-E974-4E08-BCA8-1C7A62E778EF}.Release|Any CPU.Build.0 = Release|Any CPU
		{01F1EB68-E94A-4EC7-B1EB-D68F1922DBE2}.Debug|Any CPU.ActiveCfg = Debug|Any CPU
		{01F1EB68-E94A-4EC7-B1EB-D68F1922DBE2}.Debug|Any CPU.Build.0 = Debug|Any CPU
		{01F1EB68-E94A-4EC7-B1EB-D68F1922DBE2}.Release|Any CPU.ActiveCfg = Release|Any CPU
		{01F1EB68-E94A-4EC7-B1EB-D68F1922DBE2}.Release|Any CPU.Build.0 = Release|Any CPU
		{9C72D248-6B03-4A4E-AC3E-5B99899A5C00}.Debug|Any CPU.ActiveCfg = Debug|Any CPU
		{9C72D248-6B03-4A4E-AC3E-5B99899A5C00}.Debug|Any CPU.Build.0 = Debug|Any CPU
		{9C72D248-6B03-4A4E-AC3E-5B99899A5C00}.Release|Any CPU.ActiveCfg = Release|Any CPU
		{9C72D248-6B03-4A4E-AC3E-5B99899A5C00}.Release|Any CPU.Build.0 = Release|Any CPU
		{144D94DA-9713-491F-8C45-291BF3642AEF}.Debug|Any CPU.ActiveCfg = Debug|Any CPU
		{144D94DA-9713-491F-8C45-291BF3642AEF}.Debug|Any CPU.Build.0 = Debug|Any CPU
		{144D94DA-9713-491F-8C45-291BF3642AEF}.Release|Any CPU.ActiveCfg = Release|Any CPU
		{144D94DA-9713-491F-8C45-291BF3642AEF}.Release|Any CPU.Build.0 = Release|Any CPU
		{CDCF18B9-5D81-44D8-86D5-C59D5B20B40E}.Debug|Any CPU.ActiveCfg = Debug|Any CPU
		{CDCF18B9-5D81-44D8-86D5-C59D5B20B40E}.Debug|Any CPU.Build.0 = Debug|Any CPU
		{CDCF18B9-5D81-44D8-86D5-C59D5B20B40E}.Release|Any CPU.ActiveCfg = Release|Any CPU
		{CDCF18B9-5D81-44D8-86D5-C59D5B20B40E}.Release|Any CPU.Build.0 = Release|Any CPU
		{55381FF9-2987-4439-AD8C-8787A228E4F4}.Debug|Any CPU.ActiveCfg = Debug|Any CPU
		{55381FF9-2987-4439-AD8C-8787A228E4F4}.Debug|Any CPU.Build.0 = Debug|Any CPU
		{55381FF9-2987-4439-AD8C-8787A228E4F4}.Release|Any CPU.ActiveCfg = Release|Any CPU
		{55381FF9-2987-4439-AD8C-8787A228E4F4}.Release|Any CPU.Build.0 = Release|Any CPU
		{892CFE08-6DE6-4AB2-98B4-8E7CDC5B247A}.Debug|Any CPU.ActiveCfg = Debug|Any CPU
		{892CFE08-6DE6-4AB2-98B4-8E7CDC5B247A}.Debug|Any CPU.Build.0 = Debug|Any CPU
		{892CFE08-6DE6-4AB2-98B4-8E7CDC5B247A}.Release|Any CPU.ActiveCfg = Release|Any CPU
		{892CFE08-6DE6-4AB2-98B4-8E7CDC5B247A}.Release|Any CPU.Build.0 = Release|Any CPU
		{4B1184E9-17CA-48F9-B38F-2E5BC4A1509A}.Debug|Any CPU.ActiveCfg = Debug|Any CPU
		{4B1184E9-17CA-48F9-B38F-2E5BC4A1509A}.Debug|Any CPU.Build.0 = Debug|Any CPU
		{4B1184E9-17CA-48F9-B38F-2E5BC4A1509A}.Release|Any CPU.ActiveCfg = Release|Any CPU
		{4B1184E9-17CA-48F9-B38F-2E5BC4A1509A}.Release|Any CPU.Build.0 = Release|Any CPU
		{FE6BD7C8-9CB9-4B90-9BE2-7564FD6BD634}.Debug|Any CPU.ActiveCfg = Debug|Any CPU
		{FE6BD7C8-9CB9-4B90-9BE2-7564FD6BD634}.Debug|Any CPU.Build.0 = Debug|Any CPU
		{FE6BD7C8-9CB9-4B90-9BE2-7564FD6BD634}.Release|Any CPU.ActiveCfg = Release|Any CPU
		{FE6BD7C8-9CB9-4B90-9BE2-7564FD6BD634}.Release|Any CPU.Build.0 = Release|Any CPU
		{9DDA5669-2CC8-4E41-A38C-D7E2507AE4B4}.Debug|Any CPU.ActiveCfg = Debug|Any CPU
		{9DDA5669-2CC8-4E41-A38C-D7E2507AE4B4}.Debug|Any CPU.Build.0 = Debug|Any CPU
		{9DDA5669-2CC8-4E41-A38C-D7E2507AE4B4}.Release|Any CPU.ActiveCfg = Release|Any CPU
		{9DDA5669-2CC8-4E41-A38C-D7E2507AE4B4}.Release|Any CPU.Build.0 = Release|Any CPU
		{BFE17D91-E1A0-4475-8EEF-6C6A800DFABF}.Debug|Any CPU.ActiveCfg = Debug|Any CPU
		{BFE17D91-E1A0-4475-8EEF-6C6A800DFABF}.Debug|Any CPU.Build.0 = Debug|Any CPU
		{BFE17D91-E1A0-4475-8EEF-6C6A800DFABF}.Release|Any CPU.ActiveCfg = Release|Any CPU
		{BFE17D91-E1A0-4475-8EEF-6C6A800DFABF}.Release|Any CPU.Build.0 = Release|Any CPU
		{299BD7D3-2540-468C-BEE9-2F58698C89E7}.Debug|Any CPU.ActiveCfg = Debug|Any CPU
		{299BD7D3-2540-468C-BEE9-2F58698C89E7}.Debug|Any CPU.Build.0 = Debug|Any CPU
		{299BD7D3-2540-468C-BEE9-2F58698C89E7}.Release|Any CPU.ActiveCfg = Release|Any CPU
		{299BD7D3-2540-468C-BEE9-2F58698C89E7}.Release|Any CPU.Build.0 = Release|Any CPU
		{23A7F1FF-3CC4-4562-954C-A269783F099A}.Debug|Any CPU.ActiveCfg = Debug|Any CPU
		{23A7F1FF-3CC4-4562-954C-A269783F099A}.Debug|Any CPU.Build.0 = Debug|Any CPU
		{23A7F1FF-3CC4-4562-954C-A269783F099A}.Release|Any CPU.ActiveCfg = Release|Any CPU
		{23A7F1FF-3CC4-4562-954C-A269783F099A}.Release|Any CPU.Build.0 = Release|Any CPU
		{9B7E829D-12D6-4B66-B694-06400E186C0A}.Debug|Any CPU.ActiveCfg = Debug|Any CPU
		{9B7E829D-12D6-4B66-B694-06400E186C0A}.Debug|Any CPU.Build.0 = Debug|Any CPU
		{9B7E829D-12D6-4B66-B694-06400E186C0A}.Release|Any CPU.ActiveCfg = Release|Any CPU
		{9B7E829D-12D6-4B66-B694-06400E186C0A}.Release|Any CPU.Build.0 = Release|Any CPU
		{BFD83068-45DB-49F3-A459-993648A4F7F1}.Debug|Any CPU.ActiveCfg = Debug|Any CPU
		{BFD83068-45DB-49F3-A459-993648A4F7F1}.Debug|Any CPU.Build.0 = Debug|Any CPU
		{BFD83068-45DB-49F3-A459-993648A4F7F1}.Release|Any CPU.ActiveCfg = Release|Any CPU
		{BFD83068-45DB-49F3-A459-993648A4F7F1}.Release|Any CPU.Build.0 = Release|Any CPU
		{25795525-78D4-4250-B9BA-D834A6E1EC3A}.Debug|Any CPU.ActiveCfg = Debug|Any CPU
		{25795525-78D4-4250-B9BA-D834A6E1EC3A}.Debug|Any CPU.Build.0 = Debug|Any CPU
		{25795525-78D4-4250-B9BA-D834A6E1EC3A}.Release|Any CPU.ActiveCfg = Release|Any CPU
		{25795525-78D4-4250-B9BA-D834A6E1EC3A}.Release|Any CPU.Build.0 = Release|Any CPU
		{0D675FBB-1C44-4E7E-A4C8-D791F3BA0430}.Debug|Any CPU.ActiveCfg = Debug|Any CPU
		{0D675FBB-1C44-4E7E-A4C8-D791F3BA0430}.Debug|Any CPU.Build.0 = Debug|Any CPU
		{0D675FBB-1C44-4E7E-A4C8-D791F3BA0430}.Release|Any CPU.ActiveCfg = Release|Any CPU
		{0D675FBB-1C44-4E7E-A4C8-D791F3BA0430}.Release|Any CPU.Build.0 = Release|Any CPU
		{07958970-2C3C-437B-BA85-430698DF6985}.Debug|Any CPU.ActiveCfg = Debug|Any CPU
		{07958970-2C3C-437B-BA85-430698DF6985}.Debug|Any CPU.Build.0 = Debug|Any CPU
		{07958970-2C3C-437B-BA85-430698DF6985}.Release|Any CPU.ActiveCfg = Release|Any CPU
		{07958970-2C3C-437B-BA85-430698DF6985}.Release|Any CPU.Build.0 = Release|Any CPU
		{E6D4BF9B-3FFA-4187-AC55-79006E2C64AB}.Debug|Any CPU.ActiveCfg = Debug|Any CPU
		{E6D4BF9B-3FFA-4187-AC55-79006E2C64AB}.Debug|Any CPU.Build.0 = Debug|Any CPU
		{E6D4BF9B-3FFA-4187-AC55-79006E2C64AB}.Release|Any CPU.ActiveCfg = Release|Any CPU
		{E6D4BF9B-3FFA-4187-AC55-79006E2C64AB}.Release|Any CPU.Build.0 = Release|Any CPU
		{B53EDA74-4D1A-442D-86E4-A19E8D2D8DEB}.Debug|Any CPU.ActiveCfg = Debug|Any CPU
		{B53EDA74-4D1A-442D-86E4-A19E8D2D8DEB}.Debug|Any CPU.Build.0 = Debug|Any CPU
		{B53EDA74-4D1A-442D-86E4-A19E8D2D8DEB}.Release|Any CPU.ActiveCfg = Release|Any CPU
		{B53EDA74-4D1A-442D-86E4-A19E8D2D8DEB}.Release|Any CPU.Build.0 = Release|Any CPU
		{635D7F45-42B8-4D60-A4A6-90E7F0DEE868}.Debug|Any CPU.ActiveCfg = Debug|Any CPU
		{635D7F45-42B8-4D60-A4A6-90E7F0DEE868}.Debug|Any CPU.Build.0 = Debug|Any CPU
		{635D7F45-42B8-4D60-A4A6-90E7F0DEE868}.Release|Any CPU.ActiveCfg = Release|Any CPU
		{635D7F45-42B8-4D60-A4A6-90E7F0DEE868}.Release|Any CPU.Build.0 = Release|Any CPU
		{438E7E9D-2E04-4142-B5B4-27F8E6196AF7}.Debug|Any CPU.ActiveCfg = Debug|Any CPU
		{438E7E9D-2E04-4142-B5B4-27F8E6196AF7}.Debug|Any CPU.Build.0 = Debug|Any CPU
		{438E7E9D-2E04-4142-B5B4-27F8E6196AF7}.Release|Any CPU.ActiveCfg = Release|Any CPU
		{438E7E9D-2E04-4142-B5B4-27F8E6196AF7}.Release|Any CPU.Build.0 = Release|Any CPU
		{0412EC72-6673-453A-98B2-46BB7EC41F1E}.Debug|Any CPU.ActiveCfg = Debug|Any CPU
		{0412EC72-6673-453A-98B2-46BB7EC41F1E}.Debug|Any CPU.Build.0 = Debug|Any CPU
		{0412EC72-6673-453A-98B2-46BB7EC41F1E}.Release|Any CPU.ActiveCfg = Release|Any CPU
		{0412EC72-6673-453A-98B2-46BB7EC41F1E}.Release|Any CPU.Build.0 = Release|Any CPU
		{DA7D2EAF-30EB-4A4D-9B6B-FD19DAC72510}.Debug|Any CPU.ActiveCfg = Debug|Any CPU
		{DA7D2EAF-30EB-4A4D-9B6B-FD19DAC72510}.Debug|Any CPU.Build.0 = Debug|Any CPU
		{DA7D2EAF-30EB-4A4D-9B6B-FD19DAC72510}.Release|Any CPU.ActiveCfg = Release|Any CPU
		{DA7D2EAF-30EB-4A4D-9B6B-FD19DAC72510}.Release|Any CPU.Build.0 = Release|Any CPU
		{20383BCB-A70A-4254-A8FF-F6099BEAD9E2}.Debug|Any CPU.ActiveCfg = Debug|Any CPU
		{20383BCB-A70A-4254-A8FF-F6099BEAD9E2}.Debug|Any CPU.Build.0 = Debug|Any CPU
		{20383BCB-A70A-4254-A8FF-F6099BEAD9E2}.Release|Any CPU.ActiveCfg = Release|Any CPU
		{20383BCB-A70A-4254-A8FF-F6099BEAD9E2}.Release|Any CPU.Build.0 = Release|Any CPU
		{A3EBD75F-22A5-4C5C-931A-4BAA2643332D}.Debug|Any CPU.ActiveCfg = Debug|Any CPU
		{A3EBD75F-22A5-4C5C-931A-4BAA2643332D}.Debug|Any CPU.Build.0 = Debug|Any CPU
		{A3EBD75F-22A5-4C5C-931A-4BAA2643332D}.Release|Any CPU.ActiveCfg = Release|Any CPU
		{A3EBD75F-22A5-4C5C-931A-4BAA2643332D}.Release|Any CPU.Build.0 = Release|Any CPU
		{3978D1F5-6EA9-4309-86DB-B9FB767100CD}.Debug|Any CPU.ActiveCfg = Debug|Any CPU
		{3978D1F5-6EA9-4309-86DB-B9FB767100CD}.Debug|Any CPU.Build.0 = Debug|Any CPU
		{3978D1F5-6EA9-4309-86DB-B9FB767100CD}.Release|Any CPU.ActiveCfg = Release|Any CPU
		{3978D1F5-6EA9-4309-86DB-B9FB767100CD}.Release|Any CPU.Build.0 = Release|Any CPU
		{3FB4FF9B-29DC-415E-A35B-1F69CF7B6699}.Debug|Any CPU.ActiveCfg = Debug|Any CPU
		{3FB4FF9B-29DC-415E-A35B-1F69CF7B6699}.Debug|Any CPU.Build.0 = Debug|Any CPU
		{3FB4FF9B-29DC-415E-A35B-1F69CF7B6699}.Release|Any CPU.ActiveCfg = Release|Any CPU
		{3FB4FF9B-29DC-415E-A35B-1F69CF7B6699}.Release|Any CPU.Build.0 = Release|Any CPU
		{63041128-F8B4-477B-9888-EF8D2A2467B3}.Debug|Any CPU.ActiveCfg = Debug|Any CPU
		{63041128-F8B4-477B-9888-EF8D2A2467B3}.Debug|Any CPU.Build.0 = Debug|Any CPU
		{63041128-F8B4-477B-9888-EF8D2A2467B3}.Release|Any CPU.ActiveCfg = Release|Any CPU
		{63041128-F8B4-477B-9888-EF8D2A2467B3}.Release|Any CPU.Build.0 = Release|Any CPU
		{E6B1C3FC-9DF3-434D-8DE9-767DF5509CF2}.Debug|Any CPU.ActiveCfg = Debug|Any CPU
		{E6B1C3FC-9DF3-434D-8DE9-767DF5509CF2}.Debug|Any CPU.Build.0 = Debug|Any CPU
		{E6B1C3FC-9DF3-434D-8DE9-767DF5509CF2}.Release|Any CPU.ActiveCfg = Release|Any CPU
		{E6B1C3FC-9DF3-434D-8DE9-767DF5509CF2}.Release|Any CPU.Build.0 = Release|Any CPU
		{09B7633D-9A8A-427D-BFE9-7763DA853250}.Debug|Any CPU.ActiveCfg = Debug|Any CPU
		{09B7633D-9A8A-427D-BFE9-7763DA853250}.Debug|Any CPU.Build.0 = Debug|Any CPU
		{09B7633D-9A8A-427D-BFE9-7763DA853250}.Release|Any CPU.ActiveCfg = Release|Any CPU
		{09B7633D-9A8A-427D-BFE9-7763DA853250}.Release|Any CPU.Build.0 = Release|Any CPU
		{B94F92CB-8E36-4E55-BBD4-58B11F8EA439}.Debug|Any CPU.ActiveCfg = Debug|Any CPU
		{B94F92CB-8E36-4E55-BBD4-58B11F8EA439}.Debug|Any CPU.Build.0 = Debug|Any CPU
		{B94F92CB-8E36-4E55-BBD4-58B11F8EA439}.Release|Any CPU.ActiveCfg = Release|Any CPU
		{B94F92CB-8E36-4E55-BBD4-58B11F8EA439}.Release|Any CPU.Build.0 = Release|Any CPU
		{F3E951F6-6C2E-4567-944C-019FE9320926}.Debug|Any CPU.ActiveCfg = Debug|Any CPU
		{F3E951F6-6C2E-4567-944C-019FE9320926}.Debug|Any CPU.Build.0 = Debug|Any CPU
		{F3E951F6-6C2E-4567-944C-019FE9320926}.Release|Any CPU.ActiveCfg = Release|Any CPU
		{F3E951F6-6C2E-4567-944C-019FE9320926}.Release|Any CPU.Build.0 = Release|Any CPU
		{AECF0F0F-72AA-425F-A40A-01179AEEE951}.Debug|Any CPU.ActiveCfg = Debug|Any CPU
		{AECF0F0F-72AA-425F-A40A-01179AEEE951}.Debug|Any CPU.Build.0 = Debug|Any CPU
		{AECF0F0F-72AA-425F-A40A-01179AEEE951}.Release|Any CPU.ActiveCfg = Release|Any CPU
		{AECF0F0F-72AA-425F-A40A-01179AEEE951}.Release|Any CPU.Build.0 = Release|Any CPU
		{C768B03D-F55A-4CF3-A653-B4A839FB98EF}.Debug|Any CPU.ActiveCfg = Debug|Any CPU
		{C768B03D-F55A-4CF3-A653-B4A839FB98EF}.Debug|Any CPU.Build.0 = Debug|Any CPU
		{C768B03D-F55A-4CF3-A653-B4A839FB98EF}.Release|Any CPU.ActiveCfg = Release|Any CPU
		{C768B03D-F55A-4CF3-A653-B4A839FB98EF}.Release|Any CPU.Build.0 = Release|Any CPU
		{35B56F86-499C-4776-966A-0E20A97800F1}.Debug|Any CPU.ActiveCfg = Debug|Any CPU
		{35B56F86-499C-4776-966A-0E20A97800F1}.Debug|Any CPU.Build.0 = Debug|Any CPU
		{35B56F86-499C-4776-966A-0E20A97800F1}.Release|Any CPU.ActiveCfg = Release|Any CPU
		{35B56F86-499C-4776-966A-0E20A97800F1}.Release|Any CPU.Build.0 = Release|Any CPU
		{162FD476-FD9E-4457-BF80-FD88A5D0EFBF}.Debug|Any CPU.ActiveCfg = Debug|Any CPU
		{162FD476-FD9E-4457-BF80-FD88A5D0EFBF}.Debug|Any CPU.Build.0 = Debug|Any CPU
		{162FD476-FD9E-4457-BF80-FD88A5D0EFBF}.Release|Any CPU.ActiveCfg = Release|Any CPU
		{162FD476-FD9E-4457-BF80-FD88A5D0EFBF}.Release|Any CPU.Build.0 = Release|Any CPU
		{4E30FABE-DF7D-4CDA-97CC-0036E645E4E9}.Debug|Any CPU.ActiveCfg = Debug|Any CPU
		{4E30FABE-DF7D-4CDA-97CC-0036E645E4E9}.Debug|Any CPU.Build.0 = Debug|Any CPU
		{4E30FABE-DF7D-4CDA-97CC-0036E645E4E9}.Release|Any CPU.ActiveCfg = Release|Any CPU
		{4E30FABE-DF7D-4CDA-97CC-0036E645E4E9}.Release|Any CPU.Build.0 = Release|Any CPU
		{0DB8C17E-EFE3-41B1-BFBA-F9FE7B48C26E}.Debug|Any CPU.ActiveCfg = Debug|Any CPU
		{0DB8C17E-EFE3-41B1-BFBA-F9FE7B48C26E}.Debug|Any CPU.Build.0 = Debug|Any CPU
		{0DB8C17E-EFE3-41B1-BFBA-F9FE7B48C26E}.Release|Any CPU.ActiveCfg = Release|Any CPU
		{0DB8C17E-EFE3-41B1-BFBA-F9FE7B48C26E}.Release|Any CPU.Build.0 = Release|Any CPU
		{16CE8078-FCC1-43EB-B19D-ABBBC73724F9}.Debug|Any CPU.ActiveCfg = Debug|Any CPU
		{16CE8078-FCC1-43EB-B19D-ABBBC73724F9}.Debug|Any CPU.Build.0 = Debug|Any CPU
		{16CE8078-FCC1-43EB-B19D-ABBBC73724F9}.Release|Any CPU.ActiveCfg = Release|Any CPU
		{16CE8078-FCC1-43EB-B19D-ABBBC73724F9}.Release|Any CPU.Build.0 = Release|Any CPU
		{10E3C678-A454-4474-8FA5-4BC53C14F586}.Debug|Any CPU.ActiveCfg = Debug|Any CPU
		{10E3C678-A454-4474-8FA5-4BC53C14F586}.Debug|Any CPU.Build.0 = Debug|Any CPU
		{10E3C678-A454-4474-8FA5-4BC53C14F586}.Release|Any CPU.ActiveCfg = Release|Any CPU
		{10E3C678-A454-4474-8FA5-4BC53C14F586}.Release|Any CPU.Build.0 = Release|Any CPU
		{3F9AB38E-9574-4ACC-92C7-583B28BCF676}.Debug|Any CPU.ActiveCfg = Debug|Any CPU
		{3F9AB38E-9574-4ACC-92C7-583B28BCF676}.Debug|Any CPU.Build.0 = Debug|Any CPU
		{3F9AB38E-9574-4ACC-92C7-583B28BCF676}.Release|Any CPU.ActiveCfg = Release|Any CPU
		{3F9AB38E-9574-4ACC-92C7-583B28BCF676}.Release|Any CPU.Build.0 = Release|Any CPU
		{5CEB029E-692A-4F7F-8D3C-1162F3ECC4A9}.Debug|Any CPU.ActiveCfg = Debug|Any CPU
		{5CEB029E-692A-4F7F-8D3C-1162F3ECC4A9}.Debug|Any CPU.Build.0 = Debug|Any CPU
		{5CEB029E-692A-4F7F-8D3C-1162F3ECC4A9}.Release|Any CPU.ActiveCfg = Release|Any CPU
		{5CEB029E-692A-4F7F-8D3C-1162F3ECC4A9}.Release|Any CPU.Build.0 = Release|Any CPU
		{2563D90F-EDAE-4BF5-BE3A-476DF2410158}.Debug|Any CPU.ActiveCfg = Debug|Any CPU
		{2563D90F-EDAE-4BF5-BE3A-476DF2410158}.Debug|Any CPU.Build.0 = Debug|Any CPU
		{2563D90F-EDAE-4BF5-BE3A-476DF2410158}.Release|Any CPU.ActiveCfg = Release|Any CPU
		{2563D90F-EDAE-4BF5-BE3A-476DF2410158}.Release|Any CPU.Build.0 = Release|Any CPU
		{9137D5E8-C640-4AE5-84E3-966BA7A05D37}.Debug|Any CPU.ActiveCfg = Debug|Any CPU
		{9137D5E8-C640-4AE5-84E3-966BA7A05D37}.Debug|Any CPU.Build.0 = Debug|Any CPU
		{9137D5E8-C640-4AE5-84E3-966BA7A05D37}.Release|Any CPU.ActiveCfg = Release|Any CPU
		{9137D5E8-C640-4AE5-84E3-966BA7A05D37}.Release|Any CPU.Build.0 = Release|Any CPU
		{8DB248BE-63F1-4FB7-9E4C-C5586B8B61A4}.Debug|Any CPU.ActiveCfg = Debug|Any CPU
		{8DB248BE-63F1-4FB7-9E4C-C5586B8B61A4}.Debug|Any CPU.Build.0 = Debug|Any CPU
		{8DB248BE-63F1-4FB7-9E4C-C5586B8B61A4}.Release|Any CPU.ActiveCfg = Release|Any CPU
		{8DB248BE-63F1-4FB7-9E4C-C5586B8B61A4}.Release|Any CPU.Build.0 = Release|Any CPU
		{64B820C9-444E-4B3E-970D-29672F5D11ED}.Debug|Any CPU.ActiveCfg = Debug|Any CPU
		{64B820C9-444E-4B3E-970D-29672F5D11ED}.Debug|Any CPU.Build.0 = Debug|Any CPU
		{64B820C9-444E-4B3E-970D-29672F5D11ED}.Release|Any CPU.ActiveCfg = Release|Any CPU
		{64B820C9-444E-4B3E-970D-29672F5D11ED}.Release|Any CPU.Build.0 = Release|Any CPU
		{ADB5D7F8-131D-4F4C-80C1-FC0B76FB1E48}.Debug|Any CPU.ActiveCfg = Debug|Any CPU
		{ADB5D7F8-131D-4F4C-80C1-FC0B76FB1E48}.Debug|Any CPU.Build.0 = Debug|Any CPU
		{ADB5D7F8-131D-4F4C-80C1-FC0B76FB1E48}.Release|Any CPU.ActiveCfg = Release|Any CPU
		{ADB5D7F8-131D-4F4C-80C1-FC0B76FB1E48}.Release|Any CPU.Build.0 = Release|Any CPU
		{7CBFD111-1D0B-47E8-B9BF-B6AFBBE5C1DD}.Debug|Any CPU.ActiveCfg = Debug|Any CPU
		{7CBFD111-1D0B-47E8-B9BF-B6AFBBE5C1DD}.Debug|Any CPU.Build.0 = Debug|Any CPU
		{7CBFD111-1D0B-47E8-B9BF-B6AFBBE5C1DD}.Release|Any CPU.ActiveCfg = Release|Any CPU
		{7CBFD111-1D0B-47E8-B9BF-B6AFBBE5C1DD}.Release|Any CPU.Build.0 = Release|Any CPU
		{C51A6A75-8499-4522-BF2D-7AC48D668713}.Debug|Any CPU.ActiveCfg = Debug|Any CPU
		{C51A6A75-8499-4522-BF2D-7AC48D668713}.Debug|Any CPU.Build.0 = Debug|Any CPU
		{C51A6A75-8499-4522-BF2D-7AC48D668713}.Release|Any CPU.ActiveCfg = Release|Any CPU
		{C51A6A75-8499-4522-BF2D-7AC48D668713}.Release|Any CPU.Build.0 = Release|Any CPU
		{E300177D-13B4-4F22-85F9-79D0FD4E3A88}.Debug|Any CPU.ActiveCfg = Debug|Any CPU
		{E300177D-13B4-4F22-85F9-79D0FD4E3A88}.Debug|Any CPU.Build.0 = Debug|Any CPU
		{E300177D-13B4-4F22-85F9-79D0FD4E3A88}.Release|Any CPU.ActiveCfg = Release|Any CPU
		{E300177D-13B4-4F22-85F9-79D0FD4E3A88}.Release|Any CPU.Build.0 = Release|Any CPU
		{AD4BB990-8264-4095-99DE-465D61858838}.Debug|Any CPU.ActiveCfg = Debug|Any CPU
		{AD4BB990-8264-4095-99DE-465D61858838}.Debug|Any CPU.Build.0 = Debug|Any CPU
		{AD4BB990-8264-4095-99DE-465D61858838}.Release|Any CPU.ActiveCfg = Release|Any CPU
		{AD4BB990-8264-4095-99DE-465D61858838}.Release|Any CPU.Build.0 = Release|Any CPU
		{4B7EC865-D51A-4D7B-95F6-579D0C1480B7}.Debug|Any CPU.ActiveCfg = Debug|Any CPU
		{4B7EC865-D51A-4D7B-95F6-579D0C1480B7}.Debug|Any CPU.Build.0 = Debug|Any CPU
		{4B7EC865-D51A-4D7B-95F6-579D0C1480B7}.Release|Any CPU.ActiveCfg = Release|Any CPU
		{4B7EC865-D51A-4D7B-95F6-579D0C1480B7}.Release|Any CPU.Build.0 = Release|Any CPU
		{396B38AE-BECF-45A9-A46F-194BB6B3344E}.Debug|Any CPU.ActiveCfg = Debug|Any CPU
		{396B38AE-BECF-45A9-A46F-194BB6B3344E}.Debug|Any CPU.Build.0 = Debug|Any CPU
		{396B38AE-BECF-45A9-A46F-194BB6B3344E}.Release|Any CPU.ActiveCfg = Release|Any CPU
		{396B38AE-BECF-45A9-A46F-194BB6B3344E}.Release|Any CPU.Build.0 = Release|Any CPU
		{84A3EF55-E474-4BFF-9956-39421EEAEBA3}.Debug|Any CPU.ActiveCfg = Debug|Any CPU
		{84A3EF55-E474-4BFF-9956-39421EEAEBA3}.Debug|Any CPU.Build.0 = Debug|Any CPU
		{84A3EF55-E474-4BFF-9956-39421EEAEBA3}.Release|Any CPU.ActiveCfg = Release|Any CPU
		{84A3EF55-E474-4BFF-9956-39421EEAEBA3}.Release|Any CPU.Build.0 = Release|Any CPU
		{865A98BB-11B3-4CDD-9D4C-694D4769694B}.Debug|Any CPU.ActiveCfg = Debug|Any CPU
		{865A98BB-11B3-4CDD-9D4C-694D4769694B}.Debug|Any CPU.Build.0 = Debug|Any CPU
		{865A98BB-11B3-4CDD-9D4C-694D4769694B}.Release|Any CPU.ActiveCfg = Release|Any CPU
		{865A98BB-11B3-4CDD-9D4C-694D4769694B}.Release|Any CPU.Build.0 = Release|Any CPU
		{19869EC5-D14C-453A-88B1-2FE2E06E3DD4}.Debug|Any CPU.ActiveCfg = Debug|Any CPU
		{19869EC5-D14C-453A-88B1-2FE2E06E3DD4}.Debug|Any CPU.Build.0 = Debug|Any CPU
		{19869EC5-D14C-453A-88B1-2FE2E06E3DD4}.Release|Any CPU.ActiveCfg = Release|Any CPU
		{19869EC5-D14C-453A-88B1-2FE2E06E3DD4}.Release|Any CPU.Build.0 = Release|Any CPU
		{A7038BC5-39E4-47DE-9C06-A63384EC44F5}.Debug|Any CPU.ActiveCfg = Debug|Any CPU
		{A7038BC5-39E4-47DE-9C06-A63384EC44F5}.Debug|Any CPU.Build.0 = Debug|Any CPU
		{A7038BC5-39E4-47DE-9C06-A63384EC44F5}.Release|Any CPU.ActiveCfg = Release|Any CPU
		{A7038BC5-39E4-47DE-9C06-A63384EC44F5}.Release|Any CPU.Build.0 = Release|Any CPU
		{500CB046-7AF6-472D-AD3C-6CFF83BBC770}.Debug|Any CPU.ActiveCfg = Debug|Any CPU
		{500CB046-7AF6-472D-AD3C-6CFF83BBC770}.Debug|Any CPU.Build.0 = Debug|Any CPU
		{500CB046-7AF6-472D-AD3C-6CFF83BBC770}.Release|Any CPU.ActiveCfg = Release|Any CPU
		{500CB046-7AF6-472D-AD3C-6CFF83BBC770}.Release|Any CPU.Build.0 = Release|Any CPU
		{031E9A2E-1ABB-4999-9408-0024FB33E46C}.Debug|Any CPU.ActiveCfg = Debug|Any CPU
		{031E9A2E-1ABB-4999-9408-0024FB33E46C}.Debug|Any CPU.Build.0 = Debug|Any CPU
		{031E9A2E-1ABB-4999-9408-0024FB33E46C}.Release|Any CPU.ActiveCfg = Release|Any CPU
		{031E9A2E-1ABB-4999-9408-0024FB33E46C}.Release|Any CPU.Build.0 = Release|Any CPU
		{29A0B95A-3E69-4D96-9541-06C7E627F798}.Debug|Any CPU.ActiveCfg = Debug|Any CPU
		{29A0B95A-3E69-4D96-9541-06C7E627F798}.Debug|Any CPU.Build.0 = Debug|Any CPU
		{29A0B95A-3E69-4D96-9541-06C7E627F798}.Release|Any CPU.ActiveCfg = Release|Any CPU
		{29A0B95A-3E69-4D96-9541-06C7E627F798}.Release|Any CPU.Build.0 = Release|Any CPU
		{8C0B09D0-F2B3-4795-8D89-3CFE48C8D5A7}.Debug|Any CPU.ActiveCfg = Debug|Any CPU
		{8C0B09D0-F2B3-4795-8D89-3CFE48C8D5A7}.Debug|Any CPU.Build.0 = Debug|Any CPU
		{8C0B09D0-F2B3-4795-8D89-3CFE48C8D5A7}.Release|Any CPU.ActiveCfg = Release|Any CPU
		{8C0B09D0-F2B3-4795-8D89-3CFE48C8D5A7}.Release|Any CPU.Build.0 = Release|Any CPU
		{995AAD28-98C6-4B66-9833-65DB1BD391DA}.Debug|Any CPU.ActiveCfg = Debug|Any CPU
		{995AAD28-98C6-4B66-9833-65DB1BD391DA}.Debug|Any CPU.Build.0 = Debug|Any CPU
		{995AAD28-98C6-4B66-9833-65DB1BD391DA}.Release|Any CPU.ActiveCfg = Release|Any CPU
		{995AAD28-98C6-4B66-9833-65DB1BD391DA}.Release|Any CPU.Build.0 = Release|Any CPU
		{7589B498-315A-4B17-99CD-FF57091963D8}.Debug|Any CPU.ActiveCfg = Debug|Any CPU
		{7589B498-315A-4B17-99CD-FF57091963D8}.Debug|Any CPU.Build.0 = Debug|Any CPU
		{7589B498-315A-4B17-99CD-FF57091963D8}.Release|Any CPU.ActiveCfg = Release|Any CPU
		{7589B498-315A-4B17-99CD-FF57091963D8}.Release|Any CPU.Build.0 = Release|Any CPU
		{EEE4187C-7AEC-4CEE-AC3C-78FA4F72FD1B}.Debug|Any CPU.ActiveCfg = Debug|Any CPU
		{EEE4187C-7AEC-4CEE-AC3C-78FA4F72FD1B}.Debug|Any CPU.Build.0 = Debug|Any CPU
		{EEE4187C-7AEC-4CEE-AC3C-78FA4F72FD1B}.Release|Any CPU.ActiveCfg = Release|Any CPU
		{EEE4187C-7AEC-4CEE-AC3C-78FA4F72FD1B}.Release|Any CPU.Build.0 = Release|Any CPU
		{95015627-E35A-425D-ADCF-A38BEB30E056}.Debug|Any CPU.ActiveCfg = Debug|Any CPU
		{95015627-E35A-425D-ADCF-A38BEB30E056}.Debug|Any CPU.Build.0 = Debug|Any CPU
		{95015627-E35A-425D-ADCF-A38BEB30E056}.Release|Any CPU.ActiveCfg = Release|Any CPU
		{95015627-E35A-425D-ADCF-A38BEB30E056}.Release|Any CPU.Build.0 = Release|Any CPU
		{291A73FC-C274-4A14-8880-8C863D571AA7}.Debug|Any CPU.ActiveCfg = Debug|Any CPU
		{291A73FC-C274-4A14-8880-8C863D571AA7}.Debug|Any CPU.Build.0 = Debug|Any CPU
		{291A73FC-C274-4A14-8880-8C863D571AA7}.Release|Any CPU.ActiveCfg = Release|Any CPU
		{291A73FC-C274-4A14-8880-8C863D571AA7}.Release|Any CPU.Build.0 = Release|Any CPU
		{FCDC2789-5E9D-47BB-9BCD-51391205089C}.Debug|Any CPU.ActiveCfg = Debug|Any CPU
		{FCDC2789-5E9D-47BB-9BCD-51391205089C}.Debug|Any CPU.Build.0 = Debug|Any CPU
		{FCDC2789-5E9D-47BB-9BCD-51391205089C}.Release|Any CPU.ActiveCfg = Release|Any CPU
		{FCDC2789-5E9D-47BB-9BCD-51391205089C}.Release|Any CPU.Build.0 = Release|Any CPU
		{8BB2E6B9-6737-461C-95E6-63560147A42D}.Debug|Any CPU.ActiveCfg = Debug|Any CPU
		{8BB2E6B9-6737-461C-95E6-63560147A42D}.Debug|Any CPU.Build.0 = Debug|Any CPU
		{8BB2E6B9-6737-461C-95E6-63560147A42D}.Release|Any CPU.ActiveCfg = Release|Any CPU
		{8BB2E6B9-6737-461C-95E6-63560147A42D}.Release|Any CPU.Build.0 = Release|Any CPU
		{977D1FBE-B36C-46EC-8598-90E9A0B9555B}.Debug|Any CPU.ActiveCfg = Debug|Any CPU
		{977D1FBE-B36C-46EC-8598-90E9A0B9555B}.Debug|Any CPU.Build.0 = Debug|Any CPU
		{977D1FBE-B36C-46EC-8598-90E9A0B9555B}.Release|Any CPU.ActiveCfg = Release|Any CPU
		{977D1FBE-B36C-46EC-8598-90E9A0B9555B}.Release|Any CPU.Build.0 = Release|Any CPU
		{A589A3F3-A2BF-4825-A543-6CC4D5DE677F}.Debug|Any CPU.ActiveCfg = Debug|Any CPU
		{A589A3F3-A2BF-4825-A543-6CC4D5DE677F}.Debug|Any CPU.Build.0 = Debug|Any CPU
		{A589A3F3-A2BF-4825-A543-6CC4D5DE677F}.Release|Any CPU.ActiveCfg = Release|Any CPU
		{A589A3F3-A2BF-4825-A543-6CC4D5DE677F}.Release|Any CPU.Build.0 = Release|Any CPU
		{AD117210-7DF6-4EB8-BECA-700F0260874E}.Debug|Any CPU.ActiveCfg = Debug|Any CPU
		{AD117210-7DF6-4EB8-BECA-700F0260874E}.Debug|Any CPU.Build.0 = Debug|Any CPU
		{AD117210-7DF6-4EB8-BECA-700F0260874E}.Release|Any CPU.ActiveCfg = Release|Any CPU
		{AD117210-7DF6-4EB8-BECA-700F0260874E}.Release|Any CPU.Build.0 = Release|Any CPU
		{E3163334-5AB2-4846-9B71-0E1275784AB6}.Debug|Any CPU.ActiveCfg = Debug|Any CPU
		{E3163334-5AB2-4846-9B71-0E1275784AB6}.Debug|Any CPU.Build.0 = Debug|Any CPU
		{E3163334-5AB2-4846-9B71-0E1275784AB6}.Release|Any CPU.ActiveCfg = Release|Any CPU
		{E3163334-5AB2-4846-9B71-0E1275784AB6}.Release|Any CPU.Build.0 = Release|Any CPU
		{8C1A4504-23C5-4054-9295-3D1E51DBB4CA}.Debug|Any CPU.ActiveCfg = Debug|Any CPU
		{8C1A4504-23C5-4054-9295-3D1E51DBB4CA}.Debug|Any CPU.Build.0 = Debug|Any CPU
		{8C1A4504-23C5-4054-9295-3D1E51DBB4CA}.Release|Any CPU.ActiveCfg = Release|Any CPU
		{8C1A4504-23C5-4054-9295-3D1E51DBB4CA}.Release|Any CPU.Build.0 = Release|Any CPU
		{0BEF4206-AD08-4564-B574-8F9D17A7F828}.Debug|Any CPU.ActiveCfg = Debug|Any CPU
		{0BEF4206-AD08-4564-B574-8F9D17A7F828}.Debug|Any CPU.Build.0 = Debug|Any CPU
		{0BEF4206-AD08-4564-B574-8F9D17A7F828}.Release|Any CPU.ActiveCfg = Release|Any CPU
		{0BEF4206-AD08-4564-B574-8F9D17A7F828}.Release|Any CPU.Build.0 = Release|Any CPU
		{B718CC73-A780-4732-BC30-A7E914AE9E6B}.Debug|Any CPU.ActiveCfg = Debug|Any CPU
		{B718CC73-A780-4732-BC30-A7E914AE9E6B}.Debug|Any CPU.Build.0 = Debug|Any CPU
		{B718CC73-A780-4732-BC30-A7E914AE9E6B}.Release|Any CPU.ActiveCfg = Release|Any CPU
		{B718CC73-A780-4732-BC30-A7E914AE9E6B}.Release|Any CPU.Build.0 = Release|Any CPU
		{5B6F15BD-1908-4BBF-922C-4619C8F5DA4C}.Debug|Any CPU.ActiveCfg = Debug|Any CPU
		{5B6F15BD-1908-4BBF-922C-4619C8F5DA4C}.Debug|Any CPU.Build.0 = Debug|Any CPU
		{5B6F15BD-1908-4BBF-922C-4619C8F5DA4C}.Release|Any CPU.ActiveCfg = Release|Any CPU
		{5B6F15BD-1908-4BBF-922C-4619C8F5DA4C}.Release|Any CPU.Build.0 = Release|Any CPU
		{071E363F-1290-4FF6-A784-E9FC92318362}.Debug|Any CPU.ActiveCfg = Debug|Any CPU
		{071E363F-1290-4FF6-A784-E9FC92318362}.Debug|Any CPU.Build.0 = Debug|Any CPU
		{071E363F-1290-4FF6-A784-E9FC92318362}.Release|Any CPU.ActiveCfg = Release|Any CPU
		{071E363F-1290-4FF6-A784-E9FC92318362}.Release|Any CPU.Build.0 = Release|Any CPU
		{84CA0536-FD15-4710-BA1F-6403D585D72B}.Debug|Any CPU.ActiveCfg = Debug|Any CPU
		{84CA0536-FD15-4710-BA1F-6403D585D72B}.Debug|Any CPU.Build.0 = Debug|Any CPU
		{84CA0536-FD15-4710-BA1F-6403D585D72B}.Release|Any CPU.ActiveCfg = Release|Any CPU
		{84CA0536-FD15-4710-BA1F-6403D585D72B}.Release|Any CPU.Build.0 = Release|Any CPU
		{FC10103E-BE45-439E-8119-00EFDE561D57}.Debug|Any CPU.ActiveCfg = Debug|Any CPU
		{FC10103E-BE45-439E-8119-00EFDE561D57}.Debug|Any CPU.Build.0 = Debug|Any CPU
		{FC10103E-BE45-439E-8119-00EFDE561D57}.Release|Any CPU.ActiveCfg = Release|Any CPU
		{FC10103E-BE45-439E-8119-00EFDE561D57}.Release|Any CPU.Build.0 = Release|Any CPU
		{93CD6AC4-91FB-45D3-888A-527410011552}.Debug|Any CPU.ActiveCfg = Debug|Any CPU
		{93CD6AC4-91FB-45D3-888A-527410011552}.Debug|Any CPU.Build.0 = Debug|Any CPU
		{93CD6AC4-91FB-45D3-888A-527410011552}.Release|Any CPU.ActiveCfg = Release|Any CPU
		{93CD6AC4-91FB-45D3-888A-527410011552}.Release|Any CPU.Build.0 = Release|Any CPU
		{50D90CAF-A49F-4785-9E52-BE1A8AE22633}.Debug|Any CPU.ActiveCfg = Debug|Any CPU
		{50D90CAF-A49F-4785-9E52-BE1A8AE22633}.Debug|Any CPU.Build.0 = Debug|Any CPU
		{50D90CAF-A49F-4785-9E52-BE1A8AE22633}.Release|Any CPU.ActiveCfg = Release|Any CPU
		{50D90CAF-A49F-4785-9E52-BE1A8AE22633}.Release|Any CPU.Build.0 = Release|Any CPU
		{8F4D84CC-A43F-4796-B9AB-DDFAE12391A6}.Debug|Any CPU.ActiveCfg = Debug|Any CPU
		{8F4D84CC-A43F-4796-B9AB-DDFAE12391A6}.Debug|Any CPU.Build.0 = Debug|Any CPU
		{8F4D84CC-A43F-4796-B9AB-DDFAE12391A6}.Release|Any CPU.ActiveCfg = Release|Any CPU
		{8F4D84CC-A43F-4796-B9AB-DDFAE12391A6}.Release|Any CPU.Build.0 = Release|Any CPU
		{168920EB-76FA-4988-8059-0737728CB7EE}.Debug|Any CPU.ActiveCfg = Debug|Any CPU
		{168920EB-76FA-4988-8059-0737728CB7EE}.Debug|Any CPU.Build.0 = Debug|Any CPU
		{168920EB-76FA-4988-8059-0737728CB7EE}.Release|Any CPU.ActiveCfg = Release|Any CPU
		{168920EB-76FA-4988-8059-0737728CB7EE}.Release|Any CPU.Build.0 = Release|Any CPU
		{2DF2B634-F0CF-420D-86AC-F0493BCBE1B5}.Debug|Any CPU.ActiveCfg = Debug|Any CPU
		{2DF2B634-F0CF-420D-86AC-F0493BCBE1B5}.Debug|Any CPU.Build.0 = Debug|Any CPU
		{2DF2B634-F0CF-420D-86AC-F0493BCBE1B5}.Release|Any CPU.ActiveCfg = Release|Any CPU
		{2DF2B634-F0CF-420D-86AC-F0493BCBE1B5}.Release|Any CPU.Build.0 = Release|Any CPU
		{00F78D23-6BC7-490F-881A-8958C29128BC}.Debug|Any CPU.ActiveCfg = Debug|Any CPU
		{00F78D23-6BC7-490F-881A-8958C29128BC}.Debug|Any CPU.Build.0 = Debug|Any CPU
		{00F78D23-6BC7-490F-881A-8958C29128BC}.Release|Any CPU.ActiveCfg = Release|Any CPU
		{00F78D23-6BC7-490F-881A-8958C29128BC}.Release|Any CPU.Build.0 = Release|Any CPU
		{4DFAE653-A36F-49CE-AD8B-F642AF32A14A}.Debug|Any CPU.ActiveCfg = Debug|Any CPU
		{4DFAE653-A36F-49CE-AD8B-F642AF32A14A}.Debug|Any CPU.Build.0 = Debug|Any CPU
		{4DFAE653-A36F-49CE-AD8B-F642AF32A14A}.Release|Any CPU.ActiveCfg = Release|Any CPU
		{4DFAE653-A36F-49CE-AD8B-F642AF32A14A}.Release|Any CPU.Build.0 = Release|Any CPU
		{9926772C-093C-4FA2-9621-B96D7792B6BF}.Debug|Any CPU.ActiveCfg = Debug|Any CPU
		{9926772C-093C-4FA2-9621-B96D7792B6BF}.Debug|Any CPU.Build.0 = Debug|Any CPU
		{9926772C-093C-4FA2-9621-B96D7792B6BF}.Release|Any CPU.ActiveCfg = Release|Any CPU
		{9926772C-093C-4FA2-9621-B96D7792B6BF}.Release|Any CPU.Build.0 = Release|Any CPU
		{264CD625-CC29-4368-9EBF-98F0B228006E}.Debug|Any CPU.ActiveCfg = Debug|Any CPU
		{264CD625-CC29-4368-9EBF-98F0B228006E}.Debug|Any CPU.Build.0 = Debug|Any CPU
		{264CD625-CC29-4368-9EBF-98F0B228006E}.Release|Any CPU.ActiveCfg = Release|Any CPU
		{264CD625-CC29-4368-9EBF-98F0B228006E}.Release|Any CPU.Build.0 = Release|Any CPU
		{0E8AF949-87AB-413A-A9AA-997A921673C6}.Debug|Any CPU.ActiveCfg = Debug|Any CPU
		{0E8AF949-87AB-413A-A9AA-997A921673C6}.Debug|Any CPU.Build.0 = Debug|Any CPU
		{0E8AF949-87AB-413A-A9AA-997A921673C6}.Release|Any CPU.ActiveCfg = Release|Any CPU
		{0E8AF949-87AB-413A-A9AA-997A921673C6}.Release|Any CPU.Build.0 = Release|Any CPU
		{017150E1-1E7D-43B6-B2EE-45600FBC39F4}.Debug|Any CPU.ActiveCfg = Debug|Any CPU
		{017150E1-1E7D-43B6-B2EE-45600FBC39F4}.Debug|Any CPU.Build.0 = Debug|Any CPU
		{017150E1-1E7D-43B6-B2EE-45600FBC39F4}.Release|Any CPU.ActiveCfg = Release|Any CPU
		{017150E1-1E7D-43B6-B2EE-45600FBC39F4}.Release|Any CPU.Build.0 = Release|Any CPU
	EndGlobalSection
	GlobalSection(SolutionProperties) = preSolution
		HideSolutionNode = FALSE
	EndGlobalSection
	GlobalSection(NestedProjects) = preSolution
		{9D6A5335-CC7B-4933-ABE9-E1CC6095DA37} = {FEC15005-1EFE-4DF0-83E3-65F3300AA076}
		{EAF9D638-2F63-4DB3-86A8-4FFCC28B8BFD} = {FEC15005-1EFE-4DF0-83E3-65F3300AA076}
		{88FE2A47-44D4-4034-AB69-18D638829DB4} = {FEC15005-1EFE-4DF0-83E3-65F3300AA076}
		{EF0DE3BF-30A8-47E7-A35D-41FC5B643C90} = {FEC15005-1EFE-4DF0-83E3-65F3300AA076}
		{306D1121-7D7C-43F0-9424-03B9B3936988} = {FEC15005-1EFE-4DF0-83E3-65F3300AA076}
		{F8A7C490-168E-4D1C-BB63-FE7931167F75} = {FEC15005-1EFE-4DF0-83E3-65F3300AA076}
		{F4009F33-7666-42ED-95D5-42E8CB62D71F} = {FEC15005-1EFE-4DF0-83E3-65F3300AA076}
		{53C40D09-C6F1-413A-B3DF-B93358BCB6FC} = {FEC15005-1EFE-4DF0-83E3-65F3300AA076}
		{DD4D6D9A-C152-40C4-A82A-7F87C4B47DD4} = {FEC15005-1EFE-4DF0-83E3-65F3300AA076}
		{99AB9119-A782-4712-A6BA-7FA7525E8800} = {FEC15005-1EFE-4DF0-83E3-65F3300AA076}
		{7CCBAD8F-AB44-47D7-9EE5-DD23DB5ED32B} = {FEC15005-1EFE-4DF0-83E3-65F3300AA076}
		{8FEF8CC8-D004-44D9-BBF4-403A8228D0EC} = {2ADEAA4C-550B-476D-9498-934A01065743}
		{B2B722BF-3284-49A9-817C-2104ECE9153D} = {2ADEAA4C-550B-476D-9498-934A01065743}
		{8E41BA53-C509-4C0A-9E46-09ADD704C475} = {2ADEAA4C-550B-476D-9498-934A01065743}
		{C237D3D6-FE1C-4765-AFDC-D46E214E1EBE} = {2ADEAA4C-550B-476D-9498-934A01065743}
		{3EF9D3FD-6B1A-40F4-BBB4-B915E9700CE7} = {2ADEAA4C-550B-476D-9498-934A01065743}
		{BA63E973-DA23-4920-B482-16F77FCD9AFF} = {2ADEAA4C-550B-476D-9498-934A01065743}
		{90A8B355-2FF9-4A2A-9DFE-DB34901A0DD7} = {2ADEAA4C-550B-476D-9498-934A01065743}
		{7279B3DC-9A6F-4809-AE20-662D6FFE5BAC} = {2ADEAA4C-550B-476D-9498-934A01065743}
		{C73728EE-B4DD-4118-B5CC-84334244CF74} = {2ADEAA4C-550B-476D-9498-934A01065743}
		{8827EA26-F0B8-46F5-9518-06C51D044AEF} = {2ADEAA4C-550B-476D-9498-934A01065743}
		{BBACB399-B857-413C-B128-1BA250F7837A} = {2ADEAA4C-550B-476D-9498-934A01065743}
		{2759D6BE-740A-47F3-A04F-D7BE6138DC8E} = {2ADEAA4C-550B-476D-9498-934A01065743}
		{05F0FAEC-D437-4BE2-AF06-F5B78DA50709} = {9D6A5335-CC7B-4933-ABE9-E1CC6095DA37}
		{19DDC67E-9365-4F92-8CB0-87F21E3F8109} = {9D6A5335-CC7B-4933-ABE9-E1CC6095DA37}
		{C0858526-E974-4E08-BCA8-1C7A62E778EF} = {9D6A5335-CC7B-4933-ABE9-E1CC6095DA37}
		{01F1EB68-E94A-4EC7-B1EB-D68F1922DBE2} = {9D6A5335-CC7B-4933-ABE9-E1CC6095DA37}
		{9C72D248-6B03-4A4E-AC3E-5B99899A5C00} = {9D6A5335-CC7B-4933-ABE9-E1CC6095DA37}
		{144D94DA-9713-491F-8C45-291BF3642AEF} = {9D6A5335-CC7B-4933-ABE9-E1CC6095DA37}
		{CDCF18B9-5D81-44D8-86D5-C59D5B20B40E} = {9D6A5335-CC7B-4933-ABE9-E1CC6095DA37}
		{55381FF9-2987-4439-AD8C-8787A228E4F4} = {9D6A5335-CC7B-4933-ABE9-E1CC6095DA37}
		{892CFE08-6DE6-4AB2-98B4-8E7CDC5B247A} = {EAF9D638-2F63-4DB3-86A8-4FFCC28B8BFD}
		{4B1184E9-17CA-48F9-B38F-2E5BC4A1509A} = {EAF9D638-2F63-4DB3-86A8-4FFCC28B8BFD}
		{FE6BD7C8-9CB9-4B90-9BE2-7564FD6BD634} = {88FE2A47-44D4-4034-AB69-18D638829DB4}
		{9DDA5669-2CC8-4E41-A38C-D7E2507AE4B4} = {88FE2A47-44D4-4034-AB69-18D638829DB4}
		{BFE17D91-E1A0-4475-8EEF-6C6A800DFABF} = {EF0DE3BF-30A8-47E7-A35D-41FC5B643C90}
		{299BD7D3-2540-468C-BEE9-2F58698C89E7} = {EF0DE3BF-30A8-47E7-A35D-41FC5B643C90}
		{23A7F1FF-3CC4-4562-954C-A269783F099A} = {EF0DE3BF-30A8-47E7-A35D-41FC5B643C90}
		{9B7E829D-12D6-4B66-B694-06400E186C0A} = {EF0DE3BF-30A8-47E7-A35D-41FC5B643C90}
		{BFD83068-45DB-49F3-A459-993648A4F7F1} = {EF0DE3BF-30A8-47E7-A35D-41FC5B643C90}
		{25795525-78D4-4250-B9BA-D834A6E1EC3A} = {EF0DE3BF-30A8-47E7-A35D-41FC5B643C90}
		{0D675FBB-1C44-4E7E-A4C8-D791F3BA0430} = {EF0DE3BF-30A8-47E7-A35D-41FC5B643C90}
		{07958970-2C3C-437B-BA85-430698DF6985} = {EF0DE3BF-30A8-47E7-A35D-41FC5B643C90}
		{E6D4BF9B-3FFA-4187-AC55-79006E2C64AB} = {88FE2A47-44D4-4034-AB69-18D638829DB4}
		{B53EDA74-4D1A-442D-86E4-A19E8D2D8DEB} = {306D1121-7D7C-43F0-9424-03B9B3936988}
		{635D7F45-42B8-4D60-A4A6-90E7F0DEE868} = {306D1121-7D7C-43F0-9424-03B9B3936988}
		{438E7E9D-2E04-4142-B5B4-27F8E6196AF7} = {306D1121-7D7C-43F0-9424-03B9B3936988}
		{0412EC72-6673-453A-98B2-46BB7EC41F1E} = {F8A7C490-168E-4D1C-BB63-FE7931167F75}
		{DA7D2EAF-30EB-4A4D-9B6B-FD19DAC72510} = {F8A7C490-168E-4D1C-BB63-FE7931167F75}
		{20383BCB-A70A-4254-A8FF-F6099BEAD9E2} = {F8A7C490-168E-4D1C-BB63-FE7931167F75}
		{A3EBD75F-22A5-4C5C-931A-4BAA2643332D} = {F8A7C490-168E-4D1C-BB63-FE7931167F75}
		{3978D1F5-6EA9-4309-86DB-B9FB767100CD} = {F8A7C490-168E-4D1C-BB63-FE7931167F75}
		{3FB4FF9B-29DC-415E-A35B-1F69CF7B6699} = {F8A7C490-168E-4D1C-BB63-FE7931167F75}
		{63041128-F8B4-477B-9888-EF8D2A2467B3} = {F8A7C490-168E-4D1C-BB63-FE7931167F75}
		{E6B1C3FC-9DF3-434D-8DE9-767DF5509CF2} = {F4009F33-7666-42ED-95D5-42E8CB62D71F}
		{09B7633D-9A8A-427D-BFE9-7763DA853250} = {F4009F33-7666-42ED-95D5-42E8CB62D71F}
		{B94F92CB-8E36-4E55-BBD4-58B11F8EA439} = {53C40D09-C6F1-413A-B3DF-B93358BCB6FC}
		{F3E951F6-6C2E-4567-944C-019FE9320926} = {53C40D09-C6F1-413A-B3DF-B93358BCB6FC}
		{AECF0F0F-72AA-425F-A40A-01179AEEE951} = {53C40D09-C6F1-413A-B3DF-B93358BCB6FC}
		{C768B03D-F55A-4CF3-A653-B4A839FB98EF} = {53C40D09-C6F1-413A-B3DF-B93358BCB6FC}
		{35B56F86-499C-4776-966A-0E20A97800F1} = {53C40D09-C6F1-413A-B3DF-B93358BCB6FC}
		{162FD476-FD9E-4457-BF80-FD88A5D0EFBF} = {53C40D09-C6F1-413A-B3DF-B93358BCB6FC}
		{4E30FABE-DF7D-4CDA-97CC-0036E645E4E9} = {DD4D6D9A-C152-40C4-A82A-7F87C4B47DD4}
		{0DB8C17E-EFE3-41B1-BFBA-F9FE7B48C26E} = {99AB9119-A782-4712-A6BA-7FA7525E8800}
		{16CE8078-FCC1-43EB-B19D-ABBBC73724F9} = {99AB9119-A782-4712-A6BA-7FA7525E8800}
		{10E3C678-A454-4474-8FA5-4BC53C14F586} = {99AB9119-A782-4712-A6BA-7FA7525E8800}
		{3F9AB38E-9574-4ACC-92C7-583B28BCF676} = {99AB9119-A782-4712-A6BA-7FA7525E8800}
		{5CEB029E-692A-4F7F-8D3C-1162F3ECC4A9} = {99AB9119-A782-4712-A6BA-7FA7525E8800}
		{2563D90F-EDAE-4BF5-BE3A-476DF2410158} = {99AB9119-A782-4712-A6BA-7FA7525E8800}
		{9137D5E8-C640-4AE5-84E3-966BA7A05D37} = {99AB9119-A782-4712-A6BA-7FA7525E8800}
		{8DB248BE-63F1-4FB7-9E4C-C5586B8B61A4} = {7CCBAD8F-AB44-47D7-9EE5-DD23DB5ED32B}
		{64B820C9-444E-4B3E-970D-29672F5D11ED} = {7CCBAD8F-AB44-47D7-9EE5-DD23DB5ED32B}
		{ADB5D7F8-131D-4F4C-80C1-FC0B76FB1E48} = {7CCBAD8F-AB44-47D7-9EE5-DD23DB5ED32B}
		{7CBFD111-1D0B-47E8-B9BF-B6AFBBE5C1DD} = {7CCBAD8F-AB44-47D7-9EE5-DD23DB5ED32B}
		{F78D4694-208E-4C9E-9F2B-93A7A82666AC} = {FEC15005-1EFE-4DF0-83E3-65F3300AA076}
		{C51A6A75-8499-4522-BF2D-7AC48D668713} = {F78D4694-208E-4C9E-9F2B-93A7A82666AC}
		{E300177D-13B4-4F22-85F9-79D0FD4E3A88} = {F78D4694-208E-4C9E-9F2B-93A7A82666AC}
		{AD4BB990-8264-4095-99DE-465D61858838} = {F78D4694-208E-4C9E-9F2B-93A7A82666AC}
		{45754A3B-ADBA-412A-9039-8B06FB018D5A} = {FEC15005-1EFE-4DF0-83E3-65F3300AA076}
		{4B7EC865-D51A-4D7B-95F6-579D0C1480B7} = {45754A3B-ADBA-412A-9039-8B06FB018D5A}
		{396B38AE-BECF-45A9-A46F-194BB6B3344E} = {45754A3B-ADBA-412A-9039-8B06FB018D5A}
		{84A3EF55-E474-4BFF-9956-39421EEAEBA3} = {45754A3B-ADBA-412A-9039-8B06FB018D5A}
		{865A98BB-11B3-4CDD-9D4C-694D4769694B} = {45754A3B-ADBA-412A-9039-8B06FB018D5A}
		{19869EC5-D14C-453A-88B1-2FE2E06E3DD4} = {45754A3B-ADBA-412A-9039-8B06FB018D5A}
		{A7038BC5-39E4-47DE-9C06-A63384EC44F5} = {45754A3B-ADBA-412A-9039-8B06FB018D5A}
		{1E14A106-A8D1-4821-91C4-A6230EB471B0} = {FEC15005-1EFE-4DF0-83E3-65F3300AA076}
		{500CB046-7AF6-472D-AD3C-6CFF83BBC770} = {1E14A106-A8D1-4821-91C4-A6230EB471B0}
		{031E9A2E-1ABB-4999-9408-0024FB33E46C} = {1E14A106-A8D1-4821-91C4-A6230EB471B0}
		{29A0B95A-3E69-4D96-9541-06C7E627F798} = {1E14A106-A8D1-4821-91C4-A6230EB471B0}
		{8C0B09D0-F2B3-4795-8D89-3CFE48C8D5A7} = {1E14A106-A8D1-4821-91C4-A6230EB471B0}
		{995AAD28-98C6-4B66-9833-65DB1BD391DA} = {950E90BF-5FC0-4AE5-82A5-8950B3A73A54}
		{7589B498-315A-4B17-99CD-FF57091963D8} = {950E90BF-5FC0-4AE5-82A5-8950B3A73A54}
		{041815A8-3B05-4A74-B229-2B1ECE67085D} = {FEC15005-1EFE-4DF0-83E3-65F3300AA076}
		{EEE4187C-7AEC-4CEE-AC3C-78FA4F72FD1B} = {041815A8-3B05-4A74-B229-2B1ECE67085D}
		{95015627-E35A-425D-ADCF-A38BEB30E056} = {041815A8-3B05-4A74-B229-2B1ECE67085D}
		{291A73FC-C274-4A14-8880-8C863D571AA7} = {041815A8-3B05-4A74-B229-2B1ECE67085D}
		{FCDC2789-5E9D-47BB-9BCD-51391205089C} = {041815A8-3B05-4A74-B229-2B1ECE67085D}
		{8BB2E6B9-6737-461C-95E6-63560147A42D} = {950E90BF-5FC0-4AE5-82A5-8950B3A73A54}
		{96FAFA91-55F6-475F-A77D-8335E6D77552} = {FEC15005-1EFE-4DF0-83E3-65F3300AA076}
		{977D1FBE-B36C-46EC-8598-90E9A0B9555B} = {96FAFA91-55F6-475F-A77D-8335E6D77552}
		{A589A3F3-A2BF-4825-A543-6CC4D5DE677F} = {96FAFA91-55F6-475F-A77D-8335E6D77552}
		{AD117210-7DF6-4EB8-BECA-700F0260874E} = {EAF9D638-2F63-4DB3-86A8-4FFCC28B8BFD}
		{E3163334-5AB2-4846-9B71-0E1275784AB6} = {9D6A5335-CC7B-4933-ABE9-E1CC6095DA37}
		{8C1A4504-23C5-4054-9295-3D1E51DBB4CA} = {EAF9D638-2F63-4DB3-86A8-4FFCC28B8BFD}
		{0BEF4206-AD08-4564-B574-8F9D17A7F828} = {88FE2A47-44D4-4034-AB69-18D638829DB4}
		{B718CC73-A780-4732-BC30-A7E914AE9E6B} = {53C40D09-C6F1-413A-B3DF-B93358BCB6FC}
		{5B6F15BD-1908-4BBF-922C-4619C8F5DA4C} = {99AB9119-A782-4712-A6BA-7FA7525E8800}
		{071E363F-1290-4FF6-A784-E9FC92318362} = {1E14A106-A8D1-4821-91C4-A6230EB471B0}
		{84CA0536-FD15-4710-BA1F-6403D585D72B} = {1E14A106-A8D1-4821-91C4-A6230EB471B0}
		{FC10103E-BE45-439E-8119-00EFDE561D57} = {1E14A106-A8D1-4821-91C4-A6230EB471B0}
		{93CD6AC4-91FB-45D3-888A-527410011552} = {950E90BF-5FC0-4AE5-82A5-8950B3A73A54}
		{50D90CAF-A49F-4785-9E52-BE1A8AE22633} = {950E90BF-5FC0-4AE5-82A5-8950B3A73A54}
		{8F4D84CC-A43F-4796-B9AB-DDFAE12391A6} = {45754A3B-ADBA-412A-9039-8B06FB018D5A}
		{168920EB-76FA-4988-8059-0737728CB7EE} = {45754A3B-ADBA-412A-9039-8B06FB018D5A}
		{2DF2B634-F0CF-420D-86AC-F0493BCBE1B5} = {45754A3B-ADBA-412A-9039-8B06FB018D5A}
		{00F78D23-6BC7-490F-881A-8958C29128BC} = {9D6A5335-CC7B-4933-ABE9-E1CC6095DA37}
		{4DFAE653-A36F-49CE-AD8B-F642AF32A14A} = {88FE2A47-44D4-4034-AB69-18D638829DB4}
		{9926772C-093C-4FA2-9621-B96D7792B6BF} = {F4009F33-7666-42ED-95D5-42E8CB62D71F}
		{264CD625-CC29-4368-9EBF-98F0B228006E} = {7CCBAD8F-AB44-47D7-9EE5-DD23DB5ED32B}
		{0E8AF949-87AB-413A-A9AA-997A921673C6} = {F4009F33-7666-42ED-95D5-42E8CB62D71F}
		{017150E1-1E7D-43B6-B2EE-45600FBC39F4} = {96FAFA91-55F6-475F-A77D-8335E6D77552}
	EndGlobalSection
	GlobalSection(SubversionScc) = preSolution
		Svn-Managed = True
		Manager = AnkhSVN - Subversion Support for Visual Studio
	EndGlobalSection
EndGlobal
