
Microsoft Visual Studio Solution File, Format Version 12.00
# Visual Studio 14
VisualStudioVersion = 14.0.23107.0
MinimumVisualStudioVersion = 10.0.40219.1
Project("{FAE04EC0-301F-11D3-BF4B-00C04F79EFBC}") = "装饰模式_增加属性_坦克大战", "装饰模式_增加属性_坦克大战.csproj", "{63041128-F8B4-477B-9888-EF8D2A2467B3}"
EndProject
Global
	GlobalSection(SolutionConfigurationPlatforms) = preSolution
		Debug|Any CPU = Debug|Any CPU
		Release|Any CPU = Release|Any CPU
	EndGlobalSection
	GlobalSection(ProjectConfigurationPlatforms) = postSolution
		{63041128-F8B4-477B-9888-EF8D2A2467B3}.Debug|Any CPU.ActiveCfg = Debug|Any CPU
		{63041128-F8B4-477B-9888-EF8D2A2467B3}.Debug|Any CPU.Build.0 = Debug|Any CPU
		{63041128-F8B4-477B-9888-EF8D2A2467B3}.Release|Any CPU.ActiveCfg = Release|Any CPU
		{63041128-F8B4-477B-9888-EF8D2A2467B3}.Release|Any CPU.Build.0 = Release|Any CPU
	EndGlobalSection
	GlobalSection(SolutionProperties) = preSolution
		HideSolutionNode = FALSE
	EndGlobalSection
EndGlobal
