
Microsoft Visual Studio Solution File, Format Version 12.00
# Visual Studio 14
VisualStudioVersion = 14.0.23107.0
MinimumVisualStudioVersion = 10.0.40219.1
Project("{FAE04EC0-301F-11D3-BF4B-00C04F79EFBC}") = "策略模式_输出数组_反射", "策略模式_输出数组_反射.csproj", "{9137D5E8-C640-4AE5-84E3-966BA7A05D37}"
EndProject
Global
	GlobalSection(SolutionConfigurationPlatforms) = preSolution
		Debug|Any CPU = Debug|Any CPU
		Release|Any CPU = Release|Any CPU
	EndGlobalSection
	GlobalSection(ProjectConfigurationPlatforms) = postSolution
		{9137D5E8-C640-4AE5-84E3-966BA7A05D37}.Debug|Any CPU.ActiveCfg = Debug|Any CPU
		{9137D5E8-C640-4AE5-84E3-966BA7A05D37}.Debug|Any CPU.Build.0 = Debug|Any CPU
		{9137D5E8-C640-4AE5-84E3-966BA7A05D37}.Release|Any CPU.ActiveCfg = Release|Any CPU
		{9137D5E8-C640-4AE5-84E3-966BA7A05D37}.Release|Any CPU.Build.0 = Release|Any CPU
	EndGlobalSection
	GlobalSection(SolutionProperties) = preSolution
		HideSolutionNode = FALSE
	EndGlobalSection
EndGlobal
