
Microsoft Visual Studio Solution File, Format Version 12.00
# Visual Studio 2012
Project("{FAE04EC0-301F-11D3-BF4B-00C04F79EFBC}") = "观察者模式_基本代码", "观察者模式_基本代码\观察者模式_基本代码.csproj", "{FC58FCFC-0BB1-45BA-86B4-2D7EE85D1346}"
EndProject
Global
	GlobalSection(SolutionConfigurationPlatforms) = preSolution
		Debug|Any CPU = Debug|Any CPU
		Release|Any CPU = Release|Any CPU
	EndGlobalSection
	GlobalSection(ProjectConfigurationPlatforms) = postSolution
		{FC58FCFC-0BB1-45BA-86B4-2D7EE85D1346}.Debug|Any CPU.ActiveCfg = Debug|Any CPU
		{FC58FCFC-0BB1-45BA-86B4-2D7EE85D1346}.Debug|Any CPU.Build.0 = Debug|Any CPU
		{FC58FCFC-0BB1-45BA-86B4-2D7EE85D1346}.Release|Any CPU.ActiveCfg = Release|Any CPU
		{FC58FCFC-0BB1-45BA-86B4-2D7EE85D1346}.Release|Any CPU.Build.0 = Release|Any CPU
	EndGlobalSection
	GlobalSection(SolutionProperties) = preSolution
		HideSolutionNode = FALSE
	EndGlobalSection
EndGlobal
